// !$*UTF8*$!
{
	archiveVersion = 1;
	classes = {
	};
	objectVersion = 55;
	objects = {

/* Begin PBXBuildFile section */
		170AA43D268C459D004F57B4 /* UltimatePortfolioApp.swift in Sources */ = {isa = PBXBuildFile; fileRef = 170AA43C268C459D004F57B4 /* UltimatePortfolioApp.swift */; };
		170AA43F268C459D004F57B4 /* ContentView.swift in Sources */ = {isa = PBXBuildFile; fileRef = 170AA43E268C459D004F57B4 /* ContentView.swift */; };
		170AA441268C459E004F57B4 /* Assets.xcassets in Resources */ = {isa = PBXBuildFile; fileRef = 170AA440268C459E004F57B4 /* Assets.xcassets */; };
		170AA444268C459E004F57B4 /* Preview Assets.xcassets in Resources */ = {isa = PBXBuildFile; fileRef = 170AA443268C459E004F57B4 /* Preview Assets.xcassets */; };
		170AA44C268C483B004F57B4 /* Main.xcdatamodeld in Sources */ = {isa = PBXBuildFile; fileRef = 170AA44A268C483B004F57B4 /* Main.xcdatamodeld */; };
		170AA44E268C4A09004F57B4 /* DataController.swift in Sources */ = {isa = PBXBuildFile; fileRef = 170AA44D268C4A09004F57B4 /* DataController.swift */; };
		170AA453268C4E25004F57B4 /* CloudKit.framework in Frameworks */ = {isa = PBXBuildFile; fileRef = 170AA452268C4E25004F57B4 /* CloudKit.framework */; };
		170AA455268C4F26004F57B4 /* HomeView.swift in Sources */ = {isa = PBXBuildFile; fileRef = 170AA454268C4F26004F57B4 /* HomeView.swift */; };
		170AA457268C4F5F004F57B4 /* ProjectsView.swift in Sources */ = {isa = PBXBuildFile; fileRef = 170AA456268C4F5F004F57B4 /* ProjectsView.swift */; };
		170AA45A268C58FE004F57B4 /* Item-CoreDataHelpers.swift in Sources */ = {isa = PBXBuildFile; fileRef = 170AA459268C58FE004F57B4 /* Item-CoreDataHelpers.swift */; };
		170AA45C268C593C004F57B4 /* Project-CoreDataHelpers.swift in Sources */ = {isa = PBXBuildFile; fileRef = 170AA45B268C593C004F57B4 /* Project-CoreDataHelpers.swift */; };
		170AA45E268C6132004F57B4 /* EditItemView.swift in Sources */ = {isa = PBXBuildFile; fileRef = 170AA45D268C6132004F57B4 /* EditItemView.swift */; };
		170AA460268C6382004F57B4 /* ItemRowView.swift in Sources */ = {isa = PBXBuildFile; fileRef = 170AA45F268C6382004F57B4 /* ItemRowView.swift */; };
		170AA462268C6518004F57B4 /* Binding-OnChange.swift in Sources */ = {isa = PBXBuildFile; fileRef = 170AA461268C6518004F57B4 /* Binding-OnChange.swift */; };
		170AA464268C8C68004F57B4 /* ProjectHeaderView.swift in Sources */ = {isa = PBXBuildFile; fileRef = 170AA463268C8C68004F57B4 /* ProjectHeaderView.swift */; };
		1734942B26B46EAD009195F3 /* ChatMessage.swift in Sources */ = {isa = PBXBuildFile; fileRef = 1734942A26B46EAD009195F3 /* ChatMessage.swift */; };
		1743F5D8268DE98E007A1B53 /* UltimatePortfolioTests.swift in Sources */ = {isa = PBXBuildFile; fileRef = 1743F5D7268DE98E007A1B53 /* UltimatePortfolioTests.swift */; };
		1743F5DF268DEA6E007A1B53 /* AssetsTest.swift in Sources */ = {isa = PBXBuildFile; fileRef = 1743F5DE268DEA6E007A1B53 /* AssetsTest.swift */; };
		1743F5E1268DEC26007A1B53 /* ProjectTests.swift in Sources */ = {isa = PBXBuildFile; fileRef = 1743F5E0268DEC26007A1B53 /* ProjectTests.swift */; };
		1743F5E3268DEDC2007A1B53 /* AwardTests.swift in Sources */ = {isa = PBXBuildFile; fileRef = 1743F5E2268DEDC2007A1B53 /* AwardTests.swift */; };
		1743F5E5268DF9DC007A1B53 /* DevelopmentTests.swift in Sources */ = {isa = PBXBuildFile; fileRef = 1743F5E4268DF9DC007A1B53 /* DevelopmentTests.swift */; };
		1743F5E7268E5EC1007A1B53 /* ExtensionTests.swift in Sources */ = {isa = PBXBuildFile; fileRef = 1743F5E6268E5EC1007A1B53 /* ExtensionTests.swift */; };
		1743F5EA268E607B007A1B53 /* DecodableDictionary.json in Resources */ = {isa = PBXBuildFile; fileRef = 1743F5E9268E607B007A1B53 /* DecodableDictionary.json */; };
		1743F5EC268E60AA007A1B53 /* DecodableString.json in Resources */ = {isa = PBXBuildFile; fileRef = 1743F5EB268E60AA007A1B53 /* DecodableString.json */; };
		1743F5EE268E64F1007A1B53 /* PerformanceTests.swift in Sources */ = {isa = PBXBuildFile; fileRef = 1743F5ED268E64F1007A1B53 /* PerformanceTests.swift */; };
		1743F5F6268E67E3007A1B53 /* UltimatePortfolioUITests.swift in Sources */ = {isa = PBXBuildFile; fileRef = 1743F5F5268E67E3007A1B53 /* UltimatePortfolioUITests.swift */; };
		1743F5FD268EEE6D007A1B53 /* ProjectsViewModel.swift in Sources */ = {isa = PBXBuildFile; fileRef = 1743F5FC268EEE6D007A1B53 /* ProjectsViewModel.swift */; };
		1743F5FF268EF887007A1B53 /* HomeViewModel.swift in Sources */ = {isa = PBXBuildFile; fileRef = 1743F5FE268EF887007A1B53 /* HomeViewModel.swift */; };
		1743F601268EFD9D007A1B53 /* ItemRowViewModel.swift in Sources */ = {isa = PBXBuildFile; fileRef = 1743F600268EFD9D007A1B53 /* ItemRowViewModel.swift */; };
		1743F6032690BF85007A1B53 /* AppDelegate.swift in Sources */ = {isa = PBXBuildFile; fileRef = 1743F6022690BF85007A1B53 /* AppDelegate.swift */; };
		1743F6052690BF8F007A1B53 /* SceneDelegate.swift in Sources */ = {isa = PBXBuildFile; fileRef = 1743F6042690BF8F007A1B53 /* SceneDelegate.swift */; };
		1743F60C2691D018007A1B53 /* WidgetKit.framework in Frameworks */ = {isa = PBXBuildFile; fileRef = 1743F60B2691D018007A1B53 /* WidgetKit.framework */; };
		1743F60E2691D018007A1B53 /* SwiftUI.framework in Frameworks */ = {isa = PBXBuildFile; fileRef = 1743F60D2691D018007A1B53 /* SwiftUI.framework */; };
		1743F6112691D018007A1B53 /* PortfolioWidget.swift in Sources */ = {isa = PBXBuildFile; fileRef = 1743F6102691D018007A1B53 /* PortfolioWidget.swift */; };
		1743F6132691D01A007A1B53 /* Assets.xcassets in Resources */ = {isa = PBXBuildFile; fileRef = 1743F6122691D01A007A1B53 /* Assets.xcassets */; };
		1743F6172691D01A007A1B53 /* PortfolioWidgetExtension.appex in Embed App Extensions */ = {isa = PBXBuildFile; fileRef = 1743F60A2691D018007A1B53 /* PortfolioWidgetExtension.appex */; settings = {ATTRIBUTES = (RemoveHeadersOnCopy, ); }; };
		1743F61D2691D08F007A1B53 /* DataController.swift in Sources */ = {isa = PBXBuildFile; fileRef = 170AA44D268C4A09004F57B4 /* DataController.swift */; };
		1743F61E2691D0BC007A1B53 /* Main.xcdatamodeld in Sources */ = {isa = PBXBuildFile; fileRef = 170AA44A268C483B004F57B4 /* Main.xcdatamodeld */; };
		1743F61F2691D0CA007A1B53 /* Item-CoreDataHelpers.swift in Sources */ = {isa = PBXBuildFile; fileRef = 170AA459268C58FE004F57B4 /* Item-CoreDataHelpers.swift */; };
		1743F6242691D141007A1B53 /* DataController-Reminders.swift in Sources */ = {isa = PBXBuildFile; fileRef = 1743F6232691D141007A1B53 /* DataController-Reminders.swift */; };
		1743F6262691D184007A1B53 /* DataController-Awards.swift in Sources */ = {isa = PBXBuildFile; fileRef = 1743F6252691D184007A1B53 /* DataController-Awards.swift */; };
		1743F6282691DAFF007A1B53 /* Localizable.strings in Resources */ = {isa = PBXBuildFile; fileRef = 177F4508268CF80500C7A51B /* Localizable.strings */; };
		1743F6292691DBF8007A1B53 /* Colors.xcassets in Resources */ = {isa = PBXBuildFile; fileRef = 17771F47268C8E5C0080EE6E /* Colors.xcassets */; };
		1743F62A2691DBFE007A1B53 /* Project-CoreDataHelpers.swift in Sources */ = {isa = PBXBuildFile; fileRef = 170AA45B268C593C004F57B4 /* Project-CoreDataHelpers.swift */; };
		1743F62B2691DC09007A1B53 /* Sequence-Sorting.swift in Sources */ = {isa = PBXBuildFile; fileRef = 17771F4B268C9D750080EE6E /* Sequence-Sorting.swift */; };
		1743F62D2691E23C007A1B53 /* DataProvider.swift in Sources */ = {isa = PBXBuildFile; fileRef = 1743F62C2691E23C007A1B53 /* DataProvider.swift */; };
		1743F62F2691E298007A1B53 /* SimpleWidget.swift in Sources */ = {isa = PBXBuildFile; fileRef = 1743F62E2691E298007A1B53 /* SimpleWidget.swift */; };
		1743F6312691E2C0007A1B53 /* ComplexWidget.swift in Sources */ = {isa = PBXBuildFile; fileRef = 1743F6302691E2C0007A1B53 /* ComplexWidget.swift */; };
		1743F63326920B32007A1B53 /* UnlockManager.swift in Sources */ = {isa = PBXBuildFile; fileRef = 1743F63226920B32007A1B53 /* UnlockManager.swift */; };
		1743F63626921628007A1B53 /* SKProduct-LocalizedPrice.swift in Sources */ = {isa = PBXBuildFile; fileRef = 1743F63526921628007A1B53 /* SKProduct-LocalizedPrice.swift */; };
		1743F63826921696007A1B53 /* PurchaseButton.swift in Sources */ = {isa = PBXBuildFile; fileRef = 1743F63726921696007A1B53 /* PurchaseButton.swift */; };
		1743F63A26921732007A1B53 /* ProductView.swift in Sources */ = {isa = PBXBuildFile; fileRef = 1743F63926921732007A1B53 /* ProductView.swift */; };
		1743F63C269219C1007A1B53 /* UnlockView.swift in Sources */ = {isa = PBXBuildFile; fileRef = 1743F63B269219C1007A1B53 /* UnlockView.swift */; };
		1743F63F26923FDB007A1B53 /* DataController-StoreKit.swift in Sources */ = {isa = PBXBuildFile; fileRef = 1743F63E26923FDB007A1B53 /* DataController-StoreKit.swift */; };
		17771F48268C8E5C0080EE6E /* Colors.xcassets in Resources */ = {isa = PBXBuildFile; fileRef = 17771F47268C8E5C0080EE6E /* Colors.xcassets */; };
		17771F4A268C8F6C0080EE6E /* EditProjectView.swift in Sources */ = {isa = PBXBuildFile; fileRef = 17771F49268C8F6C0080EE6E /* EditProjectView.swift */; };
		17771F4C268C9D750080EE6E /* Sequence-Sorting.swift in Sources */ = {isa = PBXBuildFile; fileRef = 17771F4B268C9D750080EE6E /* Sequence-Sorting.swift */; };
		17771F4E268CB70D0080EE6E /* SelectSomethingView.swift in Sources */ = {isa = PBXBuildFile; fileRef = 17771F4D268CB70D0080EE6E /* SelectSomethingView.swift */; };
		17771F50268CB9CB0080EE6E /* Bundle-Decodable.swift in Sources */ = {isa = PBXBuildFile; fileRef = 17771F4F268CB9CB0080EE6E /* Bundle-Decodable.swift */; };
		17771F54268CC8CA0080EE6E /* Award.swift in Sources */ = {isa = PBXBuildFile; fileRef = 17771F53268CC8CA0080EE6E /* Award.swift */; };
		17771F56268CC9540080EE6E /* AwardsView.swift in Sources */ = {isa = PBXBuildFile; fileRef = 17771F55268CC9540080EE6E /* AwardsView.swift */; };
		177F4501268CCF3E00C7A51B /* Color-Additions.swift in Sources */ = {isa = PBXBuildFile; fileRef = 177F4500268CCF3E00C7A51B /* Color-Additions.swift */; };
		177F4506268CF80500C7A51B /* Localizable.strings in Resources */ = {isa = PBXBuildFile; fileRef = 177F4508268CF80500C7A51B /* Localizable.strings */; };
		177F450B268CF9C200C7A51B /* Localizable.stringsdict in Resources */ = {isa = PBXBuildFile; fileRef = 177F450D268CF9C200C7A51B /* Localizable.stringsdict */; };
		177F450F268CF9E000C7A51B /* Awards.json in Resources */ = {isa = PBXBuildFile; fileRef = 177F4511268CF9E000C7A51B /* Awards.json */; };
		177F4517268D12AB00C7A51B /* ItemListView.swift in Sources */ = {isa = PBXBuildFile; fileRef = 177F4516268D12AB00C7A51B /* ItemListView.swift */; };
		177F4519268D134500C7A51B /* ProjectSummaryView.swift in Sources */ = {isa = PBXBuildFile; fileRef = 177F4518268D134500C7A51B /* ProjectSummaryView.swift */; };
		17832E40269DB74600194DBB /* SharedProject.swift in Sources */ = {isa = PBXBuildFile; fileRef = 17832E3F269DB74600194DBB /* SharedProject.swift */; };
		17832E42269DB78000194DBB /* SharedItem.swift in Sources */ = {isa = PBXBuildFile; fileRef = 17832E41269DB78000194DBB /* SharedItem.swift */; };
		17832E44269DB84100194DBB /* LoadStates.swift in Sources */ = {isa = PBXBuildFile; fileRef = 17832E43269DB84100194DBB /* LoadStates.swift */; };
		17832E47269DB8E300194DBB /* SharedProjectsView.swift in Sources */ = {isa = PBXBuildFile; fileRef = 17832E46269DB8E300194DBB /* SharedProjectsView.swift */; };
		17832E49269DBD2700194DBB /* SharedItemsView.swift in Sources */ = {isa = PBXBuildFile; fileRef = 17832E48269DBD2700194DBB /* SharedItemsView.swift */; };
		1787E10727CA5A7000172C1E /* Error-CloudKitMessages.swift in Sources */ = {isa = PBXBuildFile; fileRef = 1787E10627CA5A7000172C1E /* Error-CloudKitMessages.swift */; };
		179B1F6E26A58A3900858DFE /* SignInView.swift in Sources */ = {isa = PBXBuildFile; fileRef = 179B1F6D26A58A3900858DFE /* SignInView.swift */; };
		17EE218526F0E99B00EE910F /* CloudError.swift in Sources */ = {isa = PBXBuildFile; fileRef = 17EE218426F0E99B00EE910F /* CloudError.swift */; };
		17F5E45427CD569800F6288F /* CloudKit.framework in Frameworks */ = {isa = PBXBuildFile; fileRef = 17F5E45327CD569800F6288F /* CloudKit.framework */; };
		17F5E45527CD572C00F6288F /* UltimatePortfolioApp.swift in Sources */ = {isa = PBXBuildFile; fileRef = 170AA43C268C459D004F57B4 /* UltimatePortfolioApp.swift */; };
		17F5E45627CD573300F6288F /* DataController.swift in Sources */ = {isa = PBXBuildFile; fileRef = 170AA44D268C4A09004F57B4 /* DataController.swift */; };
		17F5E45727CD573300F6288F /* DataController-Reminders.swift in Sources */ = {isa = PBXBuildFile; fileRef = 1743F6232691D141007A1B53 /* DataController-Reminders.swift */; };
		17F5E45827CD573300F6288F /* DataController-StoreKit.swift in Sources */ = {isa = PBXBuildFile; fileRef = 1743F63E26923FDB007A1B53 /* DataController-StoreKit.swift */; };
		17F5E45927CD573300F6288F /* DataController-Awards.swift in Sources */ = {isa = PBXBuildFile; fileRef = 1743F6252691D184007A1B53 /* DataController-Awards.swift */; };
		17F5E45A27CD573A00F6288F /* HomeView.swift in Sources */ = {isa = PBXBuildFile; fileRef = 170AA454268C4F26004F57B4 /* HomeView.swift */; };
		17F5E45B27CD573A00F6288F /* HomeViewModel.swift in Sources */ = {isa = PBXBuildFile; fileRef = 1743F5FE268EF887007A1B53 /* HomeViewModel.swift */; };
		17F5E45C27CD573A00F6288F /* ProjectSummaryView.swift in Sources */ = {isa = PBXBuildFile; fileRef = 177F4518268D134500C7A51B /* ProjectSummaryView.swift */; };
		17F5E45D27CD573A00F6288F /* ItemListView.swift in Sources */ = {isa = PBXBuildFile; fileRef = 177F4516268D12AB00C7A51B /* ItemListView.swift */; };
		17F5E45E27CD573E00F6288F /* SelectSomethingView.swift in Sources */ = {isa = PBXBuildFile; fileRef = 17771F4D268CB70D0080EE6E /* SelectSomethingView.swift */; };
		17F5E45F27CD573E00F6288F /* ItemRowViewModel.swift in Sources */ = {isa = PBXBuildFile; fileRef = 1743F600268EFD9D007A1B53 /* ItemRowViewModel.swift */; };
		17F5E46027CD573E00F6288F /* EditProjectView.swift in Sources */ = {isa = PBXBuildFile; fileRef = 17771F49268C8F6C0080EE6E /* EditProjectView.swift */; };
		17F5E46127CD573E00F6288F /* ItemRowView.swift in Sources */ = {isa = PBXBuildFile; fileRef = 170AA45F268C6382004F57B4 /* ItemRowView.swift */; };
		17F5E46227CD573E00F6288F /* ProjectHeaderView.swift in Sources */ = {isa = PBXBuildFile; fileRef = 170AA463268C8C68004F57B4 /* ProjectHeaderView.swift */; };
		17F5E46327CD573E00F6288F /* EditItemView.swift in Sources */ = {isa = PBXBuildFile; fileRef = 170AA45D268C6132004F57B4 /* EditItemView.swift */; };
		17F5E46427CD573E00F6288F /* ProjectsView.swift in Sources */ = {isa = PBXBuildFile; fileRef = 170AA456268C4F5F004F57B4 /* ProjectsView.swift */; };
		17F5E46527CD573E00F6288F /* ProjectsViewModel.swift in Sources */ = {isa = PBXBuildFile; fileRef = 1743F5FC268EEE6D007A1B53 /* ProjectsViewModel.swift */; };
		17F5E46627CD575500F6288F /* Award.swift in Sources */ = {isa = PBXBuildFile; fileRef = 17771F53268CC8CA0080EE6E /* Award.swift */; };
		17F5E46727CD575500F6288F /* AwardsView.swift in Sources */ = {isa = PBXBuildFile; fileRef = 17771F55268CC9540080EE6E /* AwardsView.swift */; };
		17F5E46827CD576F00F6288F /* Awards.json in Resources */ = {isa = PBXBuildFile; fileRef = 177F4511268CF9E000C7A51B /* Awards.json */; };
		17F5E46927CD577700F6288F /* Localizable.strings in Resources */ = {isa = PBXBuildFile; fileRef = 177F4508268CF80500C7A51B /* Localizable.strings */; };
		17F5E46A27CD577700F6288F /* Localizable.stringsdict in Resources */ = {isa = PBXBuildFile; fileRef = 177F450D268CF9C200C7A51B /* Localizable.stringsdict */; };
		17F5E46B27CD578100F6288F /* Main.xcdatamodeld in Sources */ = {isa = PBXBuildFile; fileRef = 170AA44A268C483B004F57B4 /* Main.xcdatamodeld */; };
		17F5E46C27CD578C00F6288F /* ContentView.swift in Sources */ = {isa = PBXBuildFile; fileRef = 170AA43E268C459D004F57B4 /* ContentView.swift */; };
		17F5E46D27CD579300F6288F /* Colors.xcassets in Resources */ = {isa = PBXBuildFile; fileRef = 17771F47268C8E5C0080EE6E /* Colors.xcassets */; };
		17F5E46E27CD57CE00F6288F /* Binding-OnChange.swift in Sources */ = {isa = PBXBuildFile; fileRef = 170AA461268C6518004F57B4 /* Binding-OnChange.swift */; };
		17F5E47027CD57CE00F6288F /* Item-CoreDataHelpers.swift in Sources */ = {isa = PBXBuildFile; fileRef = 170AA459268C58FE004F57B4 /* Item-CoreDataHelpers.swift */; };
		17F5E47127CD57CE00F6288F /* Bundle-Decodable.swift in Sources */ = {isa = PBXBuildFile; fileRef = 17771F4F268CB9CB0080EE6E /* Bundle-Decodable.swift */; };
		17F5E47227CD57CE00F6288F /* Project-CoreDataHelpers.swift in Sources */ = {isa = PBXBuildFile; fileRef = 170AA45B268C593C004F57B4 /* Project-CoreDataHelpers.swift */; };
		17F5E47327CD57CE00F6288F /* Sequence-Sorting.swift in Sources */ = {isa = PBXBuildFile; fileRef = 17771F4B268C9D750080EE6E /* Sequence-Sorting.swift */; };
		17F5E47427CD57CE00F6288F /* SKProduct-LocalizedPrice.swift in Sources */ = {isa = PBXBuildFile; fileRef = 1743F63526921628007A1B53 /* SKProduct-LocalizedPrice.swift */; };
		17F5E47527CD57CE00F6288F /* Error-CloudKitMessages.swift in Sources */ = {isa = PBXBuildFile; fileRef = 1787E10627CA5A7000172C1E /* Error-CloudKitMessages.swift */; };
		17F5E47627CD57D300F6288F /* ChatMessage.swift in Sources */ = {isa = PBXBuildFile; fileRef = 1734942A26B46EAD009195F3 /* ChatMessage.swift */; };
		17F5E47727CD57D300F6288F /* SharedProjectsView.swift in Sources */ = {isa = PBXBuildFile; fileRef = 17832E46269DB8E300194DBB /* SharedProjectsView.swift */; };
		17F5E47827CD57D300F6288F /* CloudError.swift in Sources */ = {isa = PBXBuildFile; fileRef = 17EE218426F0E99B00EE910F /* CloudError.swift */; };
		17F5E47927CD57D300F6288F /* SharedProject.swift in Sources */ = {isa = PBXBuildFile; fileRef = 17832E3F269DB74600194DBB /* SharedProject.swift */; };
		17F5E47A27CD57D300F6288F /* LoadStates.swift in Sources */ = {isa = PBXBuildFile; fileRef = 17832E43269DB84100194DBB /* LoadStates.swift */; };
		17F5E47B27CD57D300F6288F /* SignInView.swift in Sources */ = {isa = PBXBuildFile; fileRef = 179B1F6D26A58A3900858DFE /* SignInView.swift */; };
		17F5E47C27CD57D300F6288F /* SharedItem.swift in Sources */ = {isa = PBXBuildFile; fileRef = 17832E41269DB78000194DBB /* SharedItem.swift */; };
		17F5E47D27CD57D300F6288F /* SharedItemsView.swift in Sources */ = {isa = PBXBuildFile; fileRef = 17832E48269DBD2700194DBB /* SharedItemsView.swift */; };
		17F5E47E27CD57E400F6288F /* UnlockView.swift in Sources */ = {isa = PBXBuildFile; fileRef = 1743F63B269219C1007A1B53 /* UnlockView.swift */; };
		17F5E47F27CD57E900F6288F /* UnlockManager.swift in Sources */ = {isa = PBXBuildFile; fileRef = 1743F63226920B32007A1B53 /* UnlockManager.swift */; };
		17F5E48027CD57E900F6288F /* ProductView.swift in Sources */ = {isa = PBXBuildFile; fileRef = 1743F63926921732007A1B53 /* ProductView.swift */; };
		17F5E48127CD57E900F6288F /* PurchaseButton.swift in Sources */ = {isa = PBXBuildFile; fileRef = 1743F63726921696007A1B53 /* PurchaseButton.swift */; };
		17F5E48327CD584900F6288F /* PlatformAdjustments.swift in Sources */ = {isa = PBXBuildFile; fileRef = 17F5E48227CD584900F6288F /* PlatformAdjustments.swift */; };
		17F5E48527CD5C0500F6288F /* PlatformAdjustments.swift in Sources */ = {isa = PBXBuildFile; fileRef = 17F5E48427CD5C0500F6288F /* PlatformAdjustments.swift */; };
		17F5E48727CD5C8400F6288F /* Color-Additions.swift in Sources */ = {isa = PBXBuildFile; fileRef = 17F5E48627CD5C8400F6288F /* Color-Additions.swift */; };
		17F5E48827CD64CA00F6288F /* Assets.xcassets in Resources */ = {isa = PBXBuildFile; fileRef = 170AA440268C459E004F57B4 /* Assets.xcassets */; };
/* End PBXBuildFile section */

/* Begin PBXContainerItemProxy section */
		1743F5D9268DE98E007A1B53 /* PBXContainerItemProxy */ = {
			isa = PBXContainerItemProxy;
			containerPortal = 170AA431268C459D004F57B4 /* Project object */;
			proxyType = 1;
			remoteGlobalIDString = 170AA438268C459D004F57B4;
			remoteInfo = UltimatePortfolio;
		};
		1743F5F7268E67E3007A1B53 /* PBXContainerItemProxy */ = {
			isa = PBXContainerItemProxy;
			containerPortal = 170AA431268C459D004F57B4 /* Project object */;
			proxyType = 1;
			remoteGlobalIDString = 170AA438268C459D004F57B4;
			remoteInfo = UltimatePortfolio;
		};
		1743F6152691D01A007A1B53 /* PBXContainerItemProxy */ = {
			isa = PBXContainerItemProxy;
			containerPortal = 170AA431268C459D004F57B4 /* Project object */;
			proxyType = 1;
			remoteGlobalIDString = 1743F6092691D018007A1B53;
			remoteInfo = PortfolioWidgetExtension;
		};
/* End PBXContainerItemProxy section */

/* Begin PBXCopyFilesBuildPhase section */
		1743F61B2691D01A007A1B53 /* Embed App Extensions */ = {
			isa = PBXCopyFilesBuildPhase;
			buildActionMask = 2147483647;
			dstPath = "";
			dstSubfolderSpec = 13;
			files = (
				1743F6172691D01A007A1B53 /* PortfolioWidgetExtension.appex in Embed App Extensions */,
			);
			name = "Embed App Extensions";
			runOnlyForDeploymentPostprocessing = 0;
		};
/* End PBXCopyFilesBuildPhase section */

/* Begin PBXFileReference section */
		170AA439268C459D004F57B4 /* UltimatePortfolio.app */ = {isa = PBXFileReference; explicitFileType = wrapper.application; includeInIndex = 0; path = UltimatePortfolio.app; sourceTree = BUILT_PRODUCTS_DIR; };
		170AA43C268C459D004F57B4 /* UltimatePortfolioApp.swift */ = {isa = PBXFileReference; lastKnownFileType = sourcecode.swift; path = UltimatePortfolioApp.swift; sourceTree = "<group>"; };
		170AA43E268C459D004F57B4 /* ContentView.swift */ = {isa = PBXFileReference; lastKnownFileType = sourcecode.swift; path = ContentView.swift; sourceTree = "<group>"; };
		170AA440268C459E004F57B4 /* Assets.xcassets */ = {isa = PBXFileReference; lastKnownFileType = folder.assetcatalog; path = Assets.xcassets; sourceTree = "<group>"; };
		170AA443268C459E004F57B4 /* Preview Assets.xcassets */ = {isa = PBXFileReference; lastKnownFileType = folder.assetcatalog; path = "Preview Assets.xcassets"; sourceTree = "<group>"; };
		170AA44B268C483B004F57B4 /* Main.xcdatamodel */ = {isa = PBXFileReference; lastKnownFileType = wrapper.xcdatamodel; path = Main.xcdatamodel; sourceTree = "<group>"; };
		170AA44D268C4A09004F57B4 /* DataController.swift */ = {isa = PBXFileReference; lastKnownFileType = sourcecode.swift; path = DataController.swift; sourceTree = "<group>"; };
		170AA44F268C4E09004F57B4 /* UltimatePortfolio.entitlements */ = {isa = PBXFileReference; lastKnownFileType = text.plist.entitlements; path = UltimatePortfolio.entitlements; sourceTree = "<group>"; };
		170AA450268C4E10004F57B4 /* Info.plist */ = {isa = PBXFileReference; lastKnownFileType = text.plist.xml; path = Info.plist; sourceTree = "<group>"; };
		170AA452268C4E25004F57B4 /* CloudKit.framework */ = {isa = PBXFileReference; lastKnownFileType = wrapper.framework; name = CloudKit.framework; path = System/Library/Frameworks/CloudKit.framework; sourceTree = SDKROOT; };
		170AA454268C4F26004F57B4 /* HomeView.swift */ = {isa = PBXFileReference; lastKnownFileType = sourcecode.swift; path = HomeView.swift; sourceTree = "<group>"; };
		170AA456268C4F5F004F57B4 /* ProjectsView.swift */ = {isa = PBXFileReference; lastKnownFileType = sourcecode.swift; path = ProjectsView.swift; sourceTree = "<group>"; };
		170AA458268C5600004F57B4 /* README.md */ = {isa = PBXFileReference; lastKnownFileType = net.daringfireball.markdown; path = README.md; sourceTree = "<group>"; };
		170AA459268C58FE004F57B4 /* Item-CoreDataHelpers.swift */ = {isa = PBXFileReference; lastKnownFileType = sourcecode.swift; path = "Item-CoreDataHelpers.swift"; sourceTree = "<group>"; };
		170AA45B268C593C004F57B4 /* Project-CoreDataHelpers.swift */ = {isa = PBXFileReference; lastKnownFileType = sourcecode.swift; path = "Project-CoreDataHelpers.swift"; sourceTree = "<group>"; };
		170AA45D268C6132004F57B4 /* EditItemView.swift */ = {isa = PBXFileReference; lastKnownFileType = sourcecode.swift; path = EditItemView.swift; sourceTree = "<group>"; };
		170AA45F268C6382004F57B4 /* ItemRowView.swift */ = {isa = PBXFileReference; lastKnownFileType = sourcecode.swift; path = ItemRowView.swift; sourceTree = "<group>"; };
		170AA461268C6518004F57B4 /* Binding-OnChange.swift */ = {isa = PBXFileReference; lastKnownFileType = sourcecode.swift; path = "Binding-OnChange.swift"; sourceTree = "<group>"; };
		170AA463268C8C68004F57B4 /* ProjectHeaderView.swift */ = {isa = PBXFileReference; lastKnownFileType = sourcecode.swift; path = ProjectHeaderView.swift; sourceTree = "<group>"; };
		1734942A26B46EAD009195F3 /* ChatMessage.swift */ = {isa = PBXFileReference; lastKnownFileType = sourcecode.swift; path = ChatMessage.swift; sourceTree = "<group>"; };
		1743F5D5268DE98E007A1B53 /* UltimatePortfolioTests.xctest */ = {isa = PBXFileReference; explicitFileType = wrapper.cfbundle; includeInIndex = 0; path = UltimatePortfolioTests.xctest; sourceTree = BUILT_PRODUCTS_DIR; };
		1743F5D7268DE98E007A1B53 /* UltimatePortfolioTests.swift */ = {isa = PBXFileReference; lastKnownFileType = sourcecode.swift; path = UltimatePortfolioTests.swift; sourceTree = "<group>"; };
		1743F5DE268DEA6E007A1B53 /* AssetsTest.swift */ = {isa = PBXFileReference; lastKnownFileType = sourcecode.swift; path = AssetsTest.swift; sourceTree = "<group>"; };
		1743F5E0268DEC26007A1B53 /* ProjectTests.swift */ = {isa = PBXFileReference; lastKnownFileType = sourcecode.swift; path = ProjectTests.swift; sourceTree = "<group>"; };
		1743F5E2268DEDC2007A1B53 /* AwardTests.swift */ = {isa = PBXFileReference; lastKnownFileType = sourcecode.swift; path = AwardTests.swift; sourceTree = "<group>"; };
		1743F5E4268DF9DC007A1B53 /* DevelopmentTests.swift */ = {isa = PBXFileReference; lastKnownFileType = sourcecode.swift; path = DevelopmentTests.swift; sourceTree = "<group>"; };
		1743F5E6268E5EC1007A1B53 /* ExtensionTests.swift */ = {isa = PBXFileReference; lastKnownFileType = sourcecode.swift; path = ExtensionTests.swift; sourceTree = "<group>"; };
		1743F5E9268E607B007A1B53 /* DecodableDictionary.json */ = {isa = PBXFileReference; lastKnownFileType = text.json; path = DecodableDictionary.json; sourceTree = "<group>"; };
		1743F5EB268E60AA007A1B53 /* DecodableString.json */ = {isa = PBXFileReference; lastKnownFileType = text.json; path = DecodableString.json; sourceTree = "<group>"; };
		1743F5ED268E64F1007A1B53 /* PerformanceTests.swift */ = {isa = PBXFileReference; lastKnownFileType = sourcecode.swift; path = PerformanceTests.swift; sourceTree = "<group>"; };
		1743F5F3268E67E3007A1B53 /* UltimatePortfolioUITests.xctest */ = {isa = PBXFileReference; explicitFileType = wrapper.cfbundle; includeInIndex = 0; path = UltimatePortfolioUITests.xctest; sourceTree = BUILT_PRODUCTS_DIR; };
		1743F5F5268E67E3007A1B53 /* UltimatePortfolioUITests.swift */ = {isa = PBXFileReference; lastKnownFileType = sourcecode.swift; path = UltimatePortfolioUITests.swift; sourceTree = "<group>"; };
		1743F5FC268EEE6D007A1B53 /* ProjectsViewModel.swift */ = {isa = PBXFileReference; lastKnownFileType = sourcecode.swift; path = ProjectsViewModel.swift; sourceTree = "<group>"; };
		1743F5FE268EF887007A1B53 /* HomeViewModel.swift */ = {isa = PBXFileReference; lastKnownFileType = sourcecode.swift; path = HomeViewModel.swift; sourceTree = "<group>"; };
		1743F600268EFD9D007A1B53 /* ItemRowViewModel.swift */ = {isa = PBXFileReference; lastKnownFileType = sourcecode.swift; path = ItemRowViewModel.swift; sourceTree = "<group>"; };
		1743F6022690BF85007A1B53 /* AppDelegate.swift */ = {isa = PBXFileReference; lastKnownFileType = sourcecode.swift; path = AppDelegate.swift; sourceTree = "<group>"; };
		1743F6042690BF8F007A1B53 /* SceneDelegate.swift */ = {isa = PBXFileReference; lastKnownFileType = sourcecode.swift; path = SceneDelegate.swift; sourceTree = "<group>"; };
		1743F60A2691D018007A1B53 /* PortfolioWidgetExtension.appex */ = {isa = PBXFileReference; explicitFileType = "wrapper.app-extension"; includeInIndex = 0; path = PortfolioWidgetExtension.appex; sourceTree = BUILT_PRODUCTS_DIR; };
		1743F60B2691D018007A1B53 /* WidgetKit.framework */ = {isa = PBXFileReference; lastKnownFileType = wrapper.framework; name = WidgetKit.framework; path = System/Library/Frameworks/WidgetKit.framework; sourceTree = SDKROOT; };
		1743F60D2691D018007A1B53 /* SwiftUI.framework */ = {isa = PBXFileReference; lastKnownFileType = wrapper.framework; name = SwiftUI.framework; path = System/Library/Frameworks/SwiftUI.framework; sourceTree = SDKROOT; };
		1743F6102691D018007A1B53 /* PortfolioWidget.swift */ = {isa = PBXFileReference; lastKnownFileType = sourcecode.swift; path = PortfolioWidget.swift; sourceTree = "<group>"; };
		1743F6122691D01A007A1B53 /* Assets.xcassets */ = {isa = PBXFileReference; lastKnownFileType = folder.assetcatalog; path = Assets.xcassets; sourceTree = "<group>"; };
		1743F6142691D01A007A1B53 /* Info.plist */ = {isa = PBXFileReference; lastKnownFileType = text.plist.xml; path = Info.plist; sourceTree = "<group>"; };
		1743F6232691D141007A1B53 /* DataController-Reminders.swift */ = {isa = PBXFileReference; lastKnownFileType = sourcecode.swift; path = "DataController-Reminders.swift"; sourceTree = "<group>"; };
		1743F6252691D184007A1B53 /* DataController-Awards.swift */ = {isa = PBXFileReference; lastKnownFileType = sourcecode.swift; path = "DataController-Awards.swift"; sourceTree = "<group>"; };
		1743F6272691D228007A1B53 /* PortfolioWidgetExtension.entitlements */ = {isa = PBXFileReference; lastKnownFileType = text.plist.entitlements; path = PortfolioWidgetExtension.entitlements; sourceTree = "<group>"; };
		1743F62C2691E23C007A1B53 /* DataProvider.swift */ = {isa = PBXFileReference; lastKnownFileType = sourcecode.swift; path = DataProvider.swift; sourceTree = "<group>"; };
		1743F62E2691E298007A1B53 /* SimpleWidget.swift */ = {isa = PBXFileReference; lastKnownFileType = sourcecode.swift; path = SimpleWidget.swift; sourceTree = "<group>"; };
		1743F6302691E2C0007A1B53 /* ComplexWidget.swift */ = {isa = PBXFileReference; lastKnownFileType = sourcecode.swift; path = ComplexWidget.swift; sourceTree = "<group>"; };
		1743F63226920B32007A1B53 /* UnlockManager.swift */ = {isa = PBXFileReference; lastKnownFileType = sourcecode.swift; path = UnlockManager.swift; sourceTree = "<group>"; };
		1743F63426920C9B007A1B53 /* Configuration.storekit */ = {isa = PBXFileReference; lastKnownFileType = text; path = Configuration.storekit; sourceTree = "<group>"; };
		1743F63526921628007A1B53 /* SKProduct-LocalizedPrice.swift */ = {isa = PBXFileReference; lastKnownFileType = sourcecode.swift; path = "SKProduct-LocalizedPrice.swift"; sourceTree = "<group>"; };
		1743F63726921696007A1B53 /* PurchaseButton.swift */ = {isa = PBXFileReference; lastKnownFileType = sourcecode.swift; path = PurchaseButton.swift; sourceTree = "<group>"; };
		1743F63926921732007A1B53 /* ProductView.swift */ = {isa = PBXFileReference; lastKnownFileType = sourcecode.swift; path = ProductView.swift; sourceTree = "<group>"; };
		1743F63B269219C1007A1B53 /* UnlockView.swift */ = {isa = PBXFileReference; lastKnownFileType = sourcecode.swift; path = UnlockView.swift; sourceTree = "<group>"; };
		1743F63E26923FDB007A1B53 /* DataController-StoreKit.swift */ = {isa = PBXFileReference; lastKnownFileType = sourcecode.swift; path = "DataController-StoreKit.swift"; sourceTree = "<group>"; };
		17771F47268C8E5C0080EE6E /* Colors.xcassets */ = {isa = PBXFileReference; lastKnownFileType = folder.assetcatalog; path = Colors.xcassets; sourceTree = "<group>"; };
		17771F49268C8F6C0080EE6E /* EditProjectView.swift */ = {isa = PBXFileReference; lastKnownFileType = sourcecode.swift; path = EditProjectView.swift; sourceTree = "<group>"; };
		17771F4B268C9D750080EE6E /* Sequence-Sorting.swift */ = {isa = PBXFileReference; lastKnownFileType = sourcecode.swift; path = "Sequence-Sorting.swift"; sourceTree = "<group>"; };
		17771F4D268CB70D0080EE6E /* SelectSomethingView.swift */ = {isa = PBXFileReference; lastKnownFileType = sourcecode.swift; path = SelectSomethingView.swift; sourceTree = "<group>"; };
		17771F4F268CB9CB0080EE6E /* Bundle-Decodable.swift */ = {isa = PBXFileReference; lastKnownFileType = sourcecode.swift; path = "Bundle-Decodable.swift"; sourceTree = "<group>"; };
		17771F53268CC8CA0080EE6E /* Award.swift */ = {isa = PBXFileReference; lastKnownFileType = sourcecode.swift; path = Award.swift; sourceTree = "<group>"; };
		17771F55268CC9540080EE6E /* AwardsView.swift */ = {isa = PBXFileReference; lastKnownFileType = sourcecode.swift; path = AwardsView.swift; sourceTree = "<group>"; };
		177F4500268CCF3E00C7A51B /* Color-Additions.swift */ = {isa = PBXFileReference; lastKnownFileType = sourcecode.swift; path = "Color-Additions.swift"; sourceTree = "<group>"; };
		177F4507268CF80500C7A51B /* en */ = {isa = PBXFileReference; lastKnownFileType = text.plist.strings; name = en; path = en.lproj/Localizable.strings; sourceTree = "<group>"; };
		177F4509268CF80E00C7A51B /* hu */ = {isa = PBXFileReference; lastKnownFileType = text.plist.strings; name = hu; path = hu.lproj/Localizable.strings; sourceTree = "<group>"; };
		177F450C268CF9C200C7A51B /* en */ = {isa = PBXFileReference; lastKnownFileType = text.plist.stringsdict; name = en; path = en.lproj/Localizable.stringsdict; sourceTree = "<group>"; };
		177F450E268CF9C400C7A51B /* hu */ = {isa = PBXFileReference; lastKnownFileType = text.plist.stringsdict; name = hu; path = hu.lproj/Localizable.stringsdict; sourceTree = "<group>"; };
		177F4510268CF9E000C7A51B /* en */ = {isa = PBXFileReference; lastKnownFileType = text.json; name = en; path = en.lproj/Awards.json; sourceTree = "<group>"; };
		177F4512268CF9E600C7A51B /* hu */ = {isa = PBXFileReference; lastKnownFileType = text.json; name = hu; path = hu.lproj/Awards.json; sourceTree = "<group>"; };
		177F4513268CFB3800C7A51B /* de */ = {isa = PBXFileReference; lastKnownFileType = text.plist.stringsdict; name = de; path = de.lproj/Localizable.stringsdict; sourceTree = "<group>"; };
		177F4514268CFB5800C7A51B /* de */ = {isa = PBXFileReference; lastKnownFileType = text.plist.strings; name = de; path = de.lproj/Localizable.strings; sourceTree = "<group>"; };
		177F4515268CFE6100C7A51B /* de */ = {isa = PBXFileReference; lastKnownFileType = text.json; name = de; path = de.lproj/Awards.json; sourceTree = "<group>"; };
		177F4516268D12AB00C7A51B /* ItemListView.swift */ = {isa = PBXFileReference; lastKnownFileType = sourcecode.swift; path = ItemListView.swift; sourceTree = "<group>"; };
		177F4518268D134500C7A51B /* ProjectSummaryView.swift */ = {isa = PBXFileReference; lastKnownFileType = sourcecode.swift; path = ProjectSummaryView.swift; sourceTree = "<group>"; };
		17832E3F269DB74600194DBB /* SharedProject.swift */ = {isa = PBXFileReference; lastKnownFileType = sourcecode.swift; path = SharedProject.swift; sourceTree = "<group>"; };
		17832E41269DB78000194DBB /* SharedItem.swift */ = {isa = PBXFileReference; lastKnownFileType = sourcecode.swift; path = SharedItem.swift; sourceTree = "<group>"; };
		17832E43269DB84100194DBB /* LoadStates.swift */ = {isa = PBXFileReference; lastKnownFileType = sourcecode.swift; path = LoadStates.swift; sourceTree = "<group>"; };
		17832E46269DB8E300194DBB /* SharedProjectsView.swift */ = {isa = PBXFileReference; lastKnownFileType = sourcecode.swift; path = SharedProjectsView.swift; sourceTree = "<group>"; };
		17832E48269DBD2700194DBB /* SharedItemsView.swift */ = {isa = PBXFileReference; lastKnownFileType = sourcecode.swift; path = SharedItemsView.swift; sourceTree = "<group>"; };
		1787E10627CA5A7000172C1E /* Error-CloudKitMessages.swift */ = {isa = PBXFileReference; lastKnownFileType = sourcecode.swift; path = "Error-CloudKitMessages.swift"; sourceTree = "<group>"; };
		179B1F6D26A58A3900858DFE /* SignInView.swift */ = {isa = PBXFileReference; lastKnownFileType = sourcecode.swift; path = SignInView.swift; sourceTree = "<group>"; };
		17EE218426F0E99B00EE910F /* CloudError.swift */ = {isa = PBXFileReference; lastKnownFileType = sourcecode.swift; path = CloudError.swift; sourceTree = "<group>"; };
		17F5E44427CD55B800F6288F /* UltimatePortfolioMac.app */ = {isa = PBXFileReference; explicitFileType = wrapper.application; includeInIndex = 0; path = UltimatePortfolioMac.app; sourceTree = BUILT_PRODUCTS_DIR; };
		17F5E44F27CD55B900F6288F /* UltimatePortfolioMac.entitlements */ = {isa = PBXFileReference; lastKnownFileType = text.plist.entitlements; path = UltimatePortfolioMac.entitlements; sourceTree = "<group>"; };
		17F5E45327CD569800F6288F /* CloudKit.framework */ = {isa = PBXFileReference; lastKnownFileType = wrapper.framework; name = CloudKit.framework; path = Platforms/MacOSX.platform/Developer/SDKs/MacOSX12.1.sdk/System/Library/Frameworks/CloudKit.framework; sourceTree = DEVELOPER_DIR; };
		17F5E48227CD584900F6288F /* PlatformAdjustments.swift */ = {isa = PBXFileReference; lastKnownFileType = sourcecode.swift; path = PlatformAdjustments.swift; sourceTree = "<group>"; };
		17F5E48427CD5C0500F6288F /* PlatformAdjustments.swift */ = {isa = PBXFileReference; lastKnownFileType = sourcecode.swift; path = PlatformAdjustments.swift; sourceTree = "<group>"; };
		17F5E48627CD5C8400F6288F /* Color-Additions.swift */ = {isa = PBXFileReference; lastKnownFileType = sourcecode.swift; path = "Color-Additions.swift"; sourceTree = "<group>"; };
/* End PBXFileReference section */

/* Begin PBXFrameworksBuildPhase section */
		170AA436268C459D004F57B4 /* Frameworks */ = {
			isa = PBXFrameworksBuildPhase;
			buildActionMask = 2147483647;
			files = (
				170AA453268C4E25004F57B4 /* CloudKit.framework in Frameworks */,
			);
			runOnlyForDeploymentPostprocessing = 0;
		};
		1743F5D2268DE98E007A1B53 /* Frameworks */ = {
			isa = PBXFrameworksBuildPhase;
			buildActionMask = 2147483647;
			files = (
			);
			runOnlyForDeploymentPostprocessing = 0;
		};
		1743F5F0268E67E3007A1B53 /* Frameworks */ = {
			isa = PBXFrameworksBuildPhase;
			buildActionMask = 2147483647;
			files = (
			);
			runOnlyForDeploymentPostprocessing = 0;
		};
		1743F6072691D018007A1B53 /* Frameworks */ = {
			isa = PBXFrameworksBuildPhase;
			buildActionMask = 2147483647;
			files = (
				1743F60E2691D018007A1B53 /* SwiftUI.framework in Frameworks */,
				1743F60C2691D018007A1B53 /* WidgetKit.framework in Frameworks */,
			);
			runOnlyForDeploymentPostprocessing = 0;
		};
		17F5E44127CD55B800F6288F /* Frameworks */ = {
			isa = PBXFrameworksBuildPhase;
			buildActionMask = 2147483647;
			files = (
				17F5E45427CD569800F6288F /* CloudKit.framework in Frameworks */,
			);
			runOnlyForDeploymentPostprocessing = 0;
		};
/* End PBXFrameworksBuildPhase section */

/* Begin PBXGroup section */
		170AA430268C459D004F57B4 = {
			isa = PBXGroup;
			children = (
				170AA458268C5600004F57B4 /* README.md */,
				170AA43B268C459D004F57B4 /* UltimatePortfolio */,
				1743F5D6268DE98E007A1B53 /* UltimatePortfolioTests */,
				1743F5F4268E67E3007A1B53 /* UltimatePortfolioUITests */,
				1743F60F2691D018007A1B53 /* PortfolioWidget */,
				17F5E44527CD55B800F6288F /* UltimatePortfolioMac */,
				170AA43A268C459D004F57B4 /* Products */,
				170AA451268C4E25004F57B4 /* Frameworks */,
			);
			sourceTree = "<group>";
		};
		170AA43A268C459D004F57B4 /* Products */ = {
			isa = PBXGroup;
			children = (
				170AA439268C459D004F57B4 /* UltimatePortfolio.app */,
				1743F5D5268DE98E007A1B53 /* UltimatePortfolioTests.xctest */,
				1743F5F3268E67E3007A1B53 /* UltimatePortfolioUITests.xctest */,
				1743F60A2691D018007A1B53 /* PortfolioWidgetExtension.appex */,
				17F5E44427CD55B800F6288F /* UltimatePortfolioMac.app */,
			);
			name = Products;
			sourceTree = "<group>";
		};
		170AA43B268C459D004F57B4 /* UltimatePortfolio */ = {
			isa = PBXGroup;
			children = (
				1743F5CA268DC714007A1B53 /* Activities */,
				1743F5CF268DC7B1007A1B53 /* Extensions */,
				1743F5CE268DC786007A1B53 /* Localization */,
				1743F5D0268DC87C007A1B53 /* Configuration */,
				170AA43C268C459D004F57B4 /* UltimatePortfolioApp.swift */,
				1743F6022690BF85007A1B53 /* AppDelegate.swift */,
				1743F6042690BF8F007A1B53 /* SceneDelegate.swift */,
				170AA44D268C4A09004F57B4 /* DataController.swift */,
				1743F63E26923FDB007A1B53 /* DataController-StoreKit.swift */,
				1743F6232691D141007A1B53 /* DataController-Reminders.swift */,
				1743F6252691D184007A1B53 /* DataController-Awards.swift */,
				17F5E48427CD5C0500F6288F /* PlatformAdjustments.swift */,
				170AA43E268C459D004F57B4 /* ContentView.swift */,
				170AA440268C459E004F57B4 /* Assets.xcassets */,
				17771F47268C8E5C0080EE6E /* Colors.xcassets */,
				170AA442268C459E004F57B4 /* Preview Content */,
			);
			path = UltimatePortfolio;
			sourceTree = "<group>";
		};
		170AA442268C459E004F57B4 /* Preview Content */ = {
			isa = PBXGroup;
			children = (
				170AA443268C459E004F57B4 /* Preview Assets.xcassets */,
			);
			path = "Preview Content";
			sourceTree = "<group>";
		};
		170AA451268C4E25004F57B4 /* Frameworks */ = {
			isa = PBXGroup;
			children = (
				17F5E45327CD569800F6288F /* CloudKit.framework */,
				170AA452268C4E25004F57B4 /* CloudKit.framework */,
				1743F60B2691D018007A1B53 /* WidgetKit.framework */,
				1743F60D2691D018007A1B53 /* SwiftUI.framework */,
			);
			name = Frameworks;
			sourceTree = "<group>";
		};
		1743F5CA268DC714007A1B53 /* Activities */ = {
			isa = PBXGroup;
			children = (
				1743F5CB268DC728007A1B53 /* Home */,
				1743F5CD268DC73B007A1B53 /* Projects */,
				1743F5CC268DC730007A1B53 /* Awards */,
				1743F63D26921E23007A1B53 /* Unlock */,
				17832E45269DB87800194DBB /* Community */,
			);
			path = Activities;
			sourceTree = "<group>";
		};
		1743F5CB268DC728007A1B53 /* Home */ = {
			isa = PBXGroup;
			children = (
				170AA454268C4F26004F57B4 /* HomeView.swift */,
				1743F5FE268EF887007A1B53 /* HomeViewModel.swift */,
				177F4516268D12AB00C7A51B /* ItemListView.swift */,
				177F4518268D134500C7A51B /* ProjectSummaryView.swift */,
			);
			path = Home;
			sourceTree = "<group>";
		};
		1743F5CC268DC730007A1B53 /* Awards */ = {
			isa = PBXGroup;
			children = (
				17771F55268CC9540080EE6E /* AwardsView.swift */,
				17771F53268CC8CA0080EE6E /* Award.swift */,
				177F4511268CF9E000C7A51B /* Awards.json */,
			);
			path = Awards;
			sourceTree = "<group>";
		};
		1743F5CD268DC73B007A1B53 /* Projects */ = {
			isa = PBXGroup;
			children = (
				170AA456268C4F5F004F57B4 /* ProjectsView.swift */,
				1743F5FC268EEE6D007A1B53 /* ProjectsViewModel.swift */,
				17771F4D268CB70D0080EE6E /* SelectSomethingView.swift */,
				170AA463268C8C68004F57B4 /* ProjectHeaderView.swift */,
				170AA45F268C6382004F57B4 /* ItemRowView.swift */,
				1743F600268EFD9D007A1B53 /* ItemRowViewModel.swift */,
				17771F49268C8F6C0080EE6E /* EditProjectView.swift */,
				170AA45D268C6132004F57B4 /* EditItemView.swift */,
			);
			path = Projects;
			sourceTree = "<group>";
		};
		1743F5CE268DC786007A1B53 /* Localization */ = {
			isa = PBXGroup;
			children = (
				177F4508268CF80500C7A51B /* Localizable.strings */,
				177F450D268CF9C200C7A51B /* Localizable.stringsdict */,
			);
			path = Localization;
			sourceTree = "<group>";
		};
		1743F5CF268DC7B1007A1B53 /* Extensions */ = {
			isa = PBXGroup;
			children = (
				170AA461268C6518004F57B4 /* Binding-OnChange.swift */,
				17771F4F268CB9CB0080EE6E /* Bundle-Decodable.swift */,
				177F4500268CCF3E00C7A51B /* Color-Additions.swift */,
				1787E10627CA5A7000172C1E /* Error-CloudKitMessages.swift */,
				170AA459268C58FE004F57B4 /* Item-CoreDataHelpers.swift */,
				170AA45B268C593C004F57B4 /* Project-CoreDataHelpers.swift */,
				17771F4B268C9D750080EE6E /* Sequence-Sorting.swift */,
				1743F63526921628007A1B53 /* SKProduct-LocalizedPrice.swift */,
			);
			path = Extensions;
			sourceTree = "<group>";
		};
		1743F5D0268DC87C007A1B53 /* Configuration */ = {
			isa = PBXGroup;
			children = (
				170AA450268C4E10004F57B4 /* Info.plist */,
				170AA44A268C483B004F57B4 /* Main.xcdatamodeld */,
				1743F63426920C9B007A1B53 /* Configuration.storekit */,
				170AA44F268C4E09004F57B4 /* UltimatePortfolio.entitlements */,
			);
			path = Configuration;
			sourceTree = "<group>";
		};
		1743F5D6268DE98E007A1B53 /* UltimatePortfolioTests */ = {
			isa = PBXGroup;
			children = (
				1743F5D7268DE98E007A1B53 /* UltimatePortfolioTests.swift */,
				1743F5E8268E605C007A1B53 /* Fixtures */,
				1743F5DE268DEA6E007A1B53 /* AssetsTest.swift */,
				1743F5E0268DEC26007A1B53 /* ProjectTests.swift */,
				1743F5E2268DEDC2007A1B53 /* AwardTests.swift */,
				1743F5ED268E64F1007A1B53 /* PerformanceTests.swift */,
				1743F5E4268DF9DC007A1B53 /* DevelopmentTests.swift */,
				1743F5E6268E5EC1007A1B53 /* ExtensionTests.swift */,
			);
			path = UltimatePortfolioTests;
			sourceTree = "<group>";
		};
		1743F5E8268E605C007A1B53 /* Fixtures */ = {
			isa = PBXGroup;
			children = (
				1743F5E9268E607B007A1B53 /* DecodableDictionary.json */,
				1743F5EB268E60AA007A1B53 /* DecodableString.json */,
			);
			path = Fixtures;
			sourceTree = "<group>";
		};
		1743F5F4268E67E3007A1B53 /* UltimatePortfolioUITests */ = {
			isa = PBXGroup;
			children = (
				1743F5F5268E67E3007A1B53 /* UltimatePortfolioUITests.swift */,
			);
			path = UltimatePortfolioUITests;
			sourceTree = "<group>";
		};
		1743F60F2691D018007A1B53 /* PortfolioWidget */ = {
			isa = PBXGroup;
			children = (
				1743F6102691D018007A1B53 /* PortfolioWidget.swift */,
				1743F6302691E2C0007A1B53 /* ComplexWidget.swift */,
				1743F62E2691E298007A1B53 /* SimpleWidget.swift */,
				1743F62C2691E23C007A1B53 /* DataProvider.swift */,
				1743F6272691D228007A1B53 /* PortfolioWidgetExtension.entitlements */,
				1743F6122691D01A007A1B53 /* Assets.xcassets */,
				1743F6142691D01A007A1B53 /* Info.plist */,
			);
			path = PortfolioWidget;
			sourceTree = "<group>";
		};
		1743F63D26921E23007A1B53 /* Unlock */ = {
			isa = PBXGroup;
			children = (
				1743F63926921732007A1B53 /* ProductView.swift */,
				1743F63726921696007A1B53 /* PurchaseButton.swift */,
				1743F63226920B32007A1B53 /* UnlockManager.swift */,
				1743F63B269219C1007A1B53 /* UnlockView.swift */,
			);
			path = Unlock;
			sourceTree = "<group>";
		};
		17832E45269DB87800194DBB /* Community */ = {
			isa = PBXGroup;
			children = (
				17832E43269DB84100194DBB /* LoadStates.swift */,
				17832E41269DB78000194DBB /* SharedItem.swift */,
				17832E3F269DB74600194DBB /* SharedProject.swift */,
				17832E46269DB8E300194DBB /* SharedProjectsView.swift */,
				17832E48269DBD2700194DBB /* SharedItemsView.swift */,
				179B1F6D26A58A3900858DFE /* SignInView.swift */,
				1734942A26B46EAD009195F3 /* ChatMessage.swift */,
				17EE218426F0E99B00EE910F /* CloudError.swift */,
			);
			path = Community;
			sourceTree = "<group>";
		};
		17F5E44527CD55B800F6288F /* UltimatePortfolioMac */ = {
			isa = PBXGroup;
			children = (
				17F5E48227CD584900F6288F /* PlatformAdjustments.swift */,
				17F5E48627CD5C8400F6288F /* Color-Additions.swift */,
				17F5E44F27CD55B900F6288F /* UltimatePortfolioMac.entitlements */,
			);
			path = UltimatePortfolioMac;
			sourceTree = "<group>";
		};
/* End PBXGroup section */

/* Begin PBXNativeTarget section */
		170AA438268C459D004F57B4 /* UltimatePortfolio */ = {
			isa = PBXNativeTarget;
			buildConfigurationList = 170AA447268C459E004F57B4 /* Build configuration list for PBXNativeTarget "UltimatePortfolio" */;
			buildPhases = (
				1743F5C9268DBD56007A1B53 /* SwiftLint */,
				170AA435268C459D004F57B4 /* Sources */,
				170AA436268C459D004F57B4 /* Frameworks */,
				170AA437268C459D004F57B4 /* Resources */,
				1743F61B2691D01A007A1B53 /* Embed App Extensions */,
			);
			buildRules = (
			);
			dependencies = (
				1743F6162691D01A007A1B53 /* PBXTargetDependency */,
			);
			name = UltimatePortfolio;
			productName = UltimatePortfolio;
			productReference = 170AA439268C459D004F57B4 /* UltimatePortfolio.app */;
			productType = "com.apple.product-type.application";
		};
		1743F5D4268DE98E007A1B53 /* UltimatePortfolioTests */ = {
			isa = PBXNativeTarget;
			buildConfigurationList = 1743F5DB268DE98E007A1B53 /* Build configuration list for PBXNativeTarget "UltimatePortfolioTests" */;
			buildPhases = (
				1743F5D1268DE98E007A1B53 /* Sources */,
				1743F5D2268DE98E007A1B53 /* Frameworks */,
				1743F5D3268DE98E007A1B53 /* Resources */,
			);
			buildRules = (
			);
			dependencies = (
				1743F5DA268DE98E007A1B53 /* PBXTargetDependency */,
			);
			name = UltimatePortfolioTests;
			productName = UltimatePortfolioTests;
			productReference = 1743F5D5268DE98E007A1B53 /* UltimatePortfolioTests.xctest */;
			productType = "com.apple.product-type.bundle.unit-test";
		};
		1743F5F2268E67E3007A1B53 /* UltimatePortfolioUITests */ = {
			isa = PBXNativeTarget;
			buildConfigurationList = 1743F5F9268E67E3007A1B53 /* Build configuration list for PBXNativeTarget "UltimatePortfolioUITests" */;
			buildPhases = (
				1743F5EF268E67E3007A1B53 /* Sources */,
				1743F5F0268E67E3007A1B53 /* Frameworks */,
				1743F5F1268E67E3007A1B53 /* Resources */,
			);
			buildRules = (
			);
			dependencies = (
				1743F5F8268E67E3007A1B53 /* PBXTargetDependency */,
			);
			name = UltimatePortfolioUITests;
			productName = UltimatePortfolioUITests;
			productReference = 1743F5F3268E67E3007A1B53 /* UltimatePortfolioUITests.xctest */;
			productType = "com.apple.product-type.bundle.ui-testing";
		};
		1743F6092691D018007A1B53 /* PortfolioWidgetExtension */ = {
			isa = PBXNativeTarget;
			buildConfigurationList = 1743F6182691D01A007A1B53 /* Build configuration list for PBXNativeTarget "PortfolioWidgetExtension" */;
			buildPhases = (
				1743F6062691D018007A1B53 /* Sources */,
				1743F6072691D018007A1B53 /* Frameworks */,
				1743F6082691D018007A1B53 /* Resources */,
			);
			buildRules = (
			);
			dependencies = (
			);
			name = PortfolioWidgetExtension;
			productName = PortfolioWidgetExtension;
			productReference = 1743F60A2691D018007A1B53 /* PortfolioWidgetExtension.appex */;
			productType = "com.apple.product-type.app-extension";
		};
		17F5E44327CD55B800F6288F /* UltimatePortfolioMac */ = {
			isa = PBXNativeTarget;
			buildConfigurationList = 17F5E45227CD55B900F6288F /* Build configuration list for PBXNativeTarget "UltimatePortfolioMac" */;
			buildPhases = (
				17F5E44027CD55B800F6288F /* Sources */,
				17F5E44127CD55B800F6288F /* Frameworks */,
				17F5E44227CD55B800F6288F /* Resources */,
			);
			buildRules = (
			);
			dependencies = (
			);
			name = UltimatePortfolioMac;
			productName = UltimatePortfolioMac;
			productReference = 17F5E44427CD55B800F6288F /* UltimatePortfolioMac.app */;
			productType = "com.apple.product-type.application";
		};
/* End PBXNativeTarget section */

/* Begin PBXProject section */
		170AA431268C459D004F57B4 /* Project object */ = {
			isa = PBXProject;
			attributes = {
				BuildIndependentTargetsInParallel = 1;
				LastSwiftUpdateCheck = 1320;
				LastUpgradeCheck = 1300;
				TargetAttributes = {
					170AA438268C459D004F57B4 = {
						CreatedOnToolsVersion = 13.0;
					};
					1743F5D4268DE98E007A1B53 = {
						CreatedOnToolsVersion = 13.0;
						TestTargetID = 170AA438268C459D004F57B4;
					};
					1743F5F2268E67E3007A1B53 = {
						CreatedOnToolsVersion = 13.0;
						TestTargetID = 170AA438268C459D004F57B4;
					};
					1743F6092691D018007A1B53 = {
						CreatedOnToolsVersion = 13.0;
					};
					17F5E44327CD55B800F6288F = {
						CreatedOnToolsVersion = 13.2;
					};
				};
			};
			buildConfigurationList = 170AA434268C459D004F57B4 /* Build configuration list for PBXProject "UltimatePortfolio" */;
			compatibilityVersion = "Xcode 13.0";
			developmentRegion = en;
			hasScannedForEncodings = 0;
			knownRegions = (
				en,
				Base,
				hu,
				de,
			);
			mainGroup = 170AA430268C459D004F57B4;
			productRefGroup = 170AA43A268C459D004F57B4 /* Products */;
			projectDirPath = "";
			projectRoot = "";
			targets = (
				170AA438268C459D004F57B4 /* UltimatePortfolio */,
				1743F5D4268DE98E007A1B53 /* UltimatePortfolioTests */,
				1743F5F2268E67E3007A1B53 /* UltimatePortfolioUITests */,
				1743F6092691D018007A1B53 /* PortfolioWidgetExtension */,
				17F5E44327CD55B800F6288F /* UltimatePortfolioMac */,
			);
		};
/* End PBXProject section */

/* Begin PBXResourcesBuildPhase section */
		170AA437268C459D004F57B4 /* Resources */ = {
			isa = PBXResourcesBuildPhase;
			buildActionMask = 2147483647;
			files = (
				177F4506268CF80500C7A51B /* Localizable.strings in Resources */,
				17771F48268C8E5C0080EE6E /* Colors.xcassets in Resources */,
				177F450F268CF9E000C7A51B /* Awards.json in Resources */,
				170AA444268C459E004F57B4 /* Preview Assets.xcassets in Resources */,
				170AA441268C459E004F57B4 /* Assets.xcassets in Resources */,
				177F450B268CF9C200C7A51B /* Localizable.stringsdict in Resources */,
			);
			runOnlyForDeploymentPostprocessing = 0;
		};
		1743F5D3268DE98E007A1B53 /* Resources */ = {
			isa = PBXResourcesBuildPhase;
			buildActionMask = 2147483647;
			files = (
				1743F5EC268E60AA007A1B53 /* DecodableString.json in Resources */,
				1743F5EA268E607B007A1B53 /* DecodableDictionary.json in Resources */,
			);
			runOnlyForDeploymentPostprocessing = 0;
		};
		1743F5F1268E67E3007A1B53 /* Resources */ = {
			isa = PBXResourcesBuildPhase;
			buildActionMask = 2147483647;
			files = (
			);
			runOnlyForDeploymentPostprocessing = 0;
		};
		1743F6082691D018007A1B53 /* Resources */ = {
			isa = PBXResourcesBuildPhase;
			buildActionMask = 2147483647;
			files = (
				1743F6292691DBF8007A1B53 /* Colors.xcassets in Resources */,
				1743F6132691D01A007A1B53 /* Assets.xcassets in Resources */,
				1743F6282691DAFF007A1B53 /* Localizable.strings in Resources */,
			);
			runOnlyForDeploymentPostprocessing = 0;
		};
		17F5E44227CD55B800F6288F /* Resources */ = {
			isa = PBXResourcesBuildPhase;
			buildActionMask = 2147483647;
			files = (
				17F5E46927CD577700F6288F /* Localizable.strings in Resources */,
				17F5E46827CD576F00F6288F /* Awards.json in Resources */,
				17F5E46D27CD579300F6288F /* Colors.xcassets in Resources */,
				17F5E48827CD64CA00F6288F /* Assets.xcassets in Resources */,
				17F5E46A27CD577700F6288F /* Localizable.stringsdict in Resources */,
			);
			runOnlyForDeploymentPostprocessing = 0;
		};
/* End PBXResourcesBuildPhase section */

/* Begin PBXShellScriptBuildPhase section */
		1743F5C9268DBD56007A1B53 /* SwiftLint */ = {
			isa = PBXShellScriptBuildPhase;
			buildActionMask = 2147483647;
			files = (
			);
			inputFileListPaths = (
			);
			inputPaths = (
			);
			name = SwiftLint;
			outputFileListPaths = (
			);
			outputPaths = (
			);
			runOnlyForDeploymentPostprocessing = 0;
			shellPath = /bin/sh;
			shellScript = "if test -d \"/opt/homebrew/bin/\"; then\n  PATH=\"/opt/homebrew/bin/:${PATH}\"\nfi\n\nexport PATH\n\nwhich swiftlint\n\nif which swiftlint >/dev/null; then\n  swiftlint\nelse\n  echo \"warning: SwiftLint not installed, download from https://github.com/realm/SwiftLint\"\nfi\n";
		};
/* End PBXShellScriptBuildPhase section */

/* Begin PBXSourcesBuildPhase section */
		170AA435268C459D004F57B4 /* Sources */ = {
			isa = PBXSourcesBuildPhase;
			buildActionMask = 2147483647;
			files = (
				170AA457268C4F5F004F57B4 /* ProjectsView.swift in Sources */,
				177F4519268D134500C7A51B /* ProjectSummaryView.swift in Sources */,
				170AA464268C8C68004F57B4 /* ProjectHeaderView.swift in Sources */,
				17771F56268CC9540080EE6E /* AwardsView.swift in Sources */,
				170AA44C268C483B004F57B4 /* Main.xcdatamodeld in Sources */,
				17832E42269DB78000194DBB /* SharedItem.swift in Sources */,
				1743F5FF268EF887007A1B53 /* HomeViewModel.swift in Sources */,
				170AA45C268C593C004F57B4 /* Project-CoreDataHelpers.swift in Sources */,
				17832E44269DB84100194DBB /* LoadStates.swift in Sources */,
				17832E47269DB8E300194DBB /* SharedProjectsView.swift in Sources */,
				177F4501268CCF3E00C7A51B /* Color-Additions.swift in Sources */,
				17F5E48527CD5C0500F6288F /* PlatformAdjustments.swift in Sources */,
				1743F63A26921732007A1B53 /* ProductView.swift in Sources */,
				17771F4A268C8F6C0080EE6E /* EditProjectView.swift in Sources */,
				1743F63F26923FDB007A1B53 /* DataController-StoreKit.swift in Sources */,
				179B1F6E26A58A3900858DFE /* SignInView.swift in Sources */,
				1743F63626921628007A1B53 /* SKProduct-LocalizedPrice.swift in Sources */,
				1743F6242691D141007A1B53 /* DataController-Reminders.swift in Sources */,
				170AA44E268C4A09004F57B4 /* DataController.swift in Sources */,
				17EE218526F0E99B00EE910F /* CloudError.swift in Sources */,
				1743F6262691D184007A1B53 /* DataController-Awards.swift in Sources */,
				17832E40269DB74600194DBB /* SharedProject.swift in Sources */,
				17771F4E268CB70D0080EE6E /* SelectSomethingView.swift in Sources */,
				1787E10727CA5A7000172C1E /* Error-CloudKitMessages.swift in Sources */,
				17832E49269DBD2700194DBB /* SharedItemsView.swift in Sources */,
				17771F54268CC8CA0080EE6E /* Award.swift in Sources */,
				170AA460268C6382004F57B4 /* ItemRowView.swift in Sources */,
				1743F6032690BF85007A1B53 /* AppDelegate.swift in Sources */,
				170AA43F268C459D004F57B4 /* ContentView.swift in Sources */,
				170AA462268C6518004F57B4 /* Binding-OnChange.swift in Sources */,
				17771F4C268C9D750080EE6E /* Sequence-Sorting.swift in Sources */,
				17771F50268CB9CB0080EE6E /* Bundle-Decodable.swift in Sources */,
				177F4517268D12AB00C7A51B /* ItemListView.swift in Sources */,
				170AA455268C4F26004F57B4 /* HomeView.swift in Sources */,
				170AA43D268C459D004F57B4 /* UltimatePortfolioApp.swift in Sources */,
				1743F63826921696007A1B53 /* PurchaseButton.swift in Sources */,
				1743F6052690BF8F007A1B53 /* SceneDelegate.swift in Sources */,
				1743F601268EFD9D007A1B53 /* ItemRowViewModel.swift in Sources */,
				170AA45A268C58FE004F57B4 /* Item-CoreDataHelpers.swift in Sources */,
				1743F5FD268EEE6D007A1B53 /* ProjectsViewModel.swift in Sources */,
				1743F63326920B32007A1B53 /* UnlockManager.swift in Sources */,
				170AA45E268C6132004F57B4 /* EditItemView.swift in Sources */,
				1734942B26B46EAD009195F3 /* ChatMessage.swift in Sources */,
				1743F63C269219C1007A1B53 /* UnlockView.swift in Sources */,
			);
			runOnlyForDeploymentPostprocessing = 0;
		};
		1743F5D1268DE98E007A1B53 /* Sources */ = {
			isa = PBXSourcesBuildPhase;
			buildActionMask = 2147483647;
			files = (
				1743F5EE268E64F1007A1B53 /* PerformanceTests.swift in Sources */,
				1743F5DF268DEA6E007A1B53 /* AssetsTest.swift in Sources */,
				1743F5E7268E5EC1007A1B53 /* ExtensionTests.swift in Sources */,
				1743F5E3268DEDC2007A1B53 /* AwardTests.swift in Sources */,
				1743F5D8268DE98E007A1B53 /* UltimatePortfolioTests.swift in Sources */,
				1743F5E1268DEC26007A1B53 /* ProjectTests.swift in Sources */,
				1743F5E5268DF9DC007A1B53 /* DevelopmentTests.swift in Sources */,
			);
			runOnlyForDeploymentPostprocessing = 0;
		};
		1743F5EF268E67E3007A1B53 /* Sources */ = {
			isa = PBXSourcesBuildPhase;
			buildActionMask = 2147483647;
			files = (
				1743F5F6268E67E3007A1B53 /* UltimatePortfolioUITests.swift in Sources */,
			);
			runOnlyForDeploymentPostprocessing = 0;
		};
		1743F6062691D018007A1B53 /* Sources */ = {
			isa = PBXSourcesBuildPhase;
			buildActionMask = 2147483647;
			files = (
				1743F61E2691D0BC007A1B53 /* Main.xcdatamodeld in Sources */,
				1743F6112691D018007A1B53 /* PortfolioWidget.swift in Sources */,
				1743F61D2691D08F007A1B53 /* DataController.swift in Sources */,
				1743F62F2691E298007A1B53 /* SimpleWidget.swift in Sources */,
				1743F6312691E2C0007A1B53 /* ComplexWidget.swift in Sources */,
				1743F62D2691E23C007A1B53 /* DataProvider.swift in Sources */,
				1743F62B2691DC09007A1B53 /* Sequence-Sorting.swift in Sources */,
				1743F61F2691D0CA007A1B53 /* Item-CoreDataHelpers.swift in Sources */,
				1743F62A2691DBFE007A1B53 /* Project-CoreDataHelpers.swift in Sources */,
			);
			runOnlyForDeploymentPostprocessing = 0;
		};
		17F5E44027CD55B800F6288F /* Sources */ = {
			isa = PBXSourcesBuildPhase;
			buildActionMask = 2147483647;
			files = (
				17F5E48027CD57E900F6288F /* ProductView.swift in Sources */,
				17F5E48327CD584900F6288F /* PlatformAdjustments.swift in Sources */,
				17F5E47227CD57CE00F6288F /* Project-CoreDataHelpers.swift in Sources */,
				17F5E46127CD573E00F6288F /* ItemRowView.swift in Sources */,
				17F5E46627CD575500F6288F /* Award.swift in Sources */,
				17F5E47D27CD57D300F6288F /* SharedItemsView.swift in Sources */,
				17F5E47627CD57D300F6288F /* ChatMessage.swift in Sources */,
				17F5E47F27CD57E900F6288F /* UnlockManager.swift in Sources */,
				17F5E47327CD57CE00F6288F /* Sequence-Sorting.swift in Sources */,
				17F5E47C27CD57D300F6288F /* SharedItem.swift in Sources */,
				17F5E47127CD57CE00F6288F /* Bundle-Decodable.swift in Sources */,
				17F5E46C27CD578C00F6288F /* ContentView.swift in Sources */,
				17F5E45927CD573300F6288F /* DataController-Awards.swift in Sources */,
				17F5E47527CD57CE00F6288F /* Error-CloudKitMessages.swift in Sources */,
				17F5E46427CD573E00F6288F /* ProjectsView.swift in Sources */,
				17F5E47727CD57D300F6288F /* SharedProjectsView.swift in Sources */,
				17F5E46327CD573E00F6288F /* EditItemView.swift in Sources */,
				17F5E47E27CD57E400F6288F /* UnlockView.swift in Sources */,
				17F5E47927CD57D300F6288F /* SharedProject.swift in Sources */,
				17F5E47827CD57D300F6288F /* CloudError.swift in Sources */,
				17F5E46E27CD57CE00F6288F /* Binding-OnChange.swift in Sources */,
				17F5E46727CD575500F6288F /* AwardsView.swift in Sources */,
				17F5E45E27CD573E00F6288F /* SelectSomethingView.swift in Sources */,
				17F5E45827CD573300F6288F /* DataController-StoreKit.swift in Sources */,
				17F5E48127CD57E900F6288F /* PurchaseButton.swift in Sources */,
				17F5E45B27CD573A00F6288F /* HomeViewModel.swift in Sources */,
				17F5E47A27CD57D300F6288F /* LoadStates.swift in Sources */,
				17F5E47427CD57CE00F6288F /* SKProduct-LocalizedPrice.swift in Sources */,
				17F5E46527CD573E00F6288F /* ProjectsViewModel.swift in Sources */,
				17F5E45F27CD573E00F6288F /* ItemRowViewModel.swift in Sources */,
				17F5E45C27CD573A00F6288F /* ProjectSummaryView.swift in Sources */,
				17F5E45D27CD573A00F6288F /* ItemListView.swift in Sources */,
				17F5E45727CD573300F6288F /* DataController-Reminders.swift in Sources */,
				17F5E46B27CD578100F6288F /* Main.xcdatamodeld in Sources */,
				17F5E48727CD5C8400F6288F /* Color-Additions.swift in Sources */,
				17F5E46027CD573E00F6288F /* EditProjectView.swift in Sources */,
				17F5E47B27CD57D300F6288F /* SignInView.swift in Sources */,
				17F5E45A27CD573A00F6288F /* HomeView.swift in Sources */,
				17F5E45527CD572C00F6288F /* UltimatePortfolioApp.swift in Sources */,
				17F5E45627CD573300F6288F /* DataController.swift in Sources */,
				17F5E46227CD573E00F6288F /* ProjectHeaderView.swift in Sources */,
				17F5E47027CD57CE00F6288F /* Item-CoreDataHelpers.swift in Sources */,
			);
			runOnlyForDeploymentPostprocessing = 0;
		};
/* End PBXSourcesBuildPhase section */

/* Begin PBXTargetDependency section */
		1743F5DA268DE98E007A1B53 /* PBXTargetDependency */ = {
			isa = PBXTargetDependency;
			target = 170AA438268C459D004F57B4 /* UltimatePortfolio */;
			targetProxy = 1743F5D9268DE98E007A1B53 /* PBXContainerItemProxy */;
		};
		1743F5F8268E67E3007A1B53 /* PBXTargetDependency */ = {
			isa = PBXTargetDependency;
			target = 170AA438268C459D004F57B4 /* UltimatePortfolio */;
			targetProxy = 1743F5F7268E67E3007A1B53 /* PBXContainerItemProxy */;
		};
		1743F6162691D01A007A1B53 /* PBXTargetDependency */ = {
			isa = PBXTargetDependency;
			target = 1743F6092691D018007A1B53 /* PortfolioWidgetExtension */;
			targetProxy = 1743F6152691D01A007A1B53 /* PBXContainerItemProxy */;
		};
/* End PBXTargetDependency section */

/* Begin PBXVariantGroup section */
		177F4508268CF80500C7A51B /* Localizable.strings */ = {
			isa = PBXVariantGroup;
			children = (
				177F4507268CF80500C7A51B /* en */,
				177F4509268CF80E00C7A51B /* hu */,
				177F4514268CFB5800C7A51B /* de */,
			);
			name = Localizable.strings;
			sourceTree = "<group>";
		};
		177F450D268CF9C200C7A51B /* Localizable.stringsdict */ = {
			isa = PBXVariantGroup;
			children = (
				177F450C268CF9C200C7A51B /* en */,
				177F450E268CF9C400C7A51B /* hu */,
				177F4513268CFB3800C7A51B /* de */,
			);
			name = Localizable.stringsdict;
			sourceTree = "<group>";
		};
		177F4511268CF9E000C7A51B /* Awards.json */ = {
			isa = PBXVariantGroup;
			children = (
				177F4510268CF9E000C7A51B /* en */,
				177F4512268CF9E600C7A51B /* hu */,
				177F4515268CFE6100C7A51B /* de */,
			);
			name = Awards.json;
			sourceTree = "<group>";
		};
/* End PBXVariantGroup section */

/* Begin XCBuildConfiguration section */
		170AA445268C459E004F57B4 /* Debug */ = {
			isa = XCBuildConfiguration;
			buildSettings = {
				ALWAYS_SEARCH_USER_PATHS = NO;
				CLANG_ANALYZER_NONNULL = YES;
				CLANG_ANALYZER_NUMBER_OBJECT_CONVERSION = YES_AGGRESSIVE;
				CLANG_CXX_LANGUAGE_STANDARD = "gnu++14";
				CLANG_CXX_LIBRARY = "libc++";
				CLANG_ENABLE_MODULES = YES;
				CLANG_ENABLE_OBJC_ARC = YES;
				CLANG_ENABLE_OBJC_WEAK = YES;
				CLANG_WARN_BLOCK_CAPTURE_AUTORELEASING = YES;
				CLANG_WARN_BOOL_CONVERSION = YES;
				CLANG_WARN_COMMA = YES;
				CLANG_WARN_CONSTANT_CONVERSION = YES;
				CLANG_WARN_DEPRECATED_OBJC_IMPLEMENTATIONS = YES;
				CLANG_WARN_DIRECT_OBJC_ISA_USAGE = YES_ERROR;
				CLANG_WARN_DOCUMENTATION_COMMENTS = YES;
				CLANG_WARN_EMPTY_BODY = YES;
				CLANG_WARN_ENUM_CONVERSION = YES;
				CLANG_WARN_INFINITE_RECURSION = YES;
				CLANG_WARN_INT_CONVERSION = YES;
				CLANG_WARN_NON_LITERAL_NULL_CONVERSION = YES;
				CLANG_WARN_OBJC_IMPLICIT_RETAIN_SELF = YES;
				CLANG_WARN_OBJC_LITERAL_CONVERSION = YES;
				CLANG_WARN_OBJC_ROOT_CLASS = YES_ERROR;
				CLANG_WARN_QUOTED_INCLUDE_IN_FRAMEWORK_HEADER = YES;
				CLANG_WARN_RANGE_LOOP_ANALYSIS = YES;
				CLANG_WARN_STRICT_PROTOTYPES = YES;
				CLANG_WARN_SUSPICIOUS_MOVE = YES;
				CLANG_WARN_UNGUARDED_AVAILABILITY = YES_AGGRESSIVE;
				CLANG_WARN_UNREACHABLE_CODE = YES;
				CLANG_WARN__DUPLICATE_METHOD_MATCH = YES;
				COPY_PHASE_STRIP = NO;
				DEBUG_INFORMATION_FORMAT = dwarf;
				ENABLE_STRICT_OBJC_MSGSEND = YES;
				ENABLE_TESTABILITY = YES;
				GCC_C_LANGUAGE_STANDARD = gnu11;
				GCC_DYNAMIC_NO_PIC = NO;
				GCC_NO_COMMON_BLOCKS = YES;
				GCC_OPTIMIZATION_LEVEL = 0;
				GCC_PREPROCESSOR_DEFINITIONS = (
					"DEBUG=1",
					"$(inherited)",
				);
				GCC_WARN_64_TO_32_BIT_CONVERSION = YES;
				GCC_WARN_ABOUT_RETURN_TYPE = YES_ERROR;
				GCC_WARN_UNDECLARED_SELECTOR = YES;
				GCC_WARN_UNINITIALIZED_AUTOS = YES_AGGRESSIVE;
				GCC_WARN_UNUSED_FUNCTION = YES;
				GCC_WARN_UNUSED_VARIABLE = YES;
				IPHONEOS_DEPLOYMENT_TARGET = 15.0;
				MACOSX_DEPLOYMENT_TARGET = 12.0;
				MTL_ENABLE_DEBUG_INFO = INCLUDE_SOURCE;
				MTL_FAST_MATH = YES;
				ONLY_ACTIVE_ARCH = YES;
				SDKROOT = iphoneos;
				SWIFT_ACTIVE_COMPILATION_CONDITIONS = DEBUG;
				SWIFT_OPTIMIZATION_LEVEL = "-Onone";
			};
			name = Debug;
		};
		170AA446268C459E004F57B4 /* Release */ = {
			isa = XCBuildConfiguration;
			buildSettings = {
				ALWAYS_SEARCH_USER_PATHS = NO;
				CLANG_ANALYZER_NONNULL = YES;
				CLANG_ANALYZER_NUMBER_OBJECT_CONVERSION = YES_AGGRESSIVE;
				CLANG_CXX_LANGUAGE_STANDARD = "gnu++14";
				CLANG_CXX_LIBRARY = "libc++";
				CLANG_ENABLE_MODULES = YES;
				CLANG_ENABLE_OBJC_ARC = YES;
				CLANG_ENABLE_OBJC_WEAK = YES;
				CLANG_WARN_BLOCK_CAPTURE_AUTORELEASING = YES;
				CLANG_WARN_BOOL_CONVERSION = YES;
				CLANG_WARN_COMMA = YES;
				CLANG_WARN_CONSTANT_CONVERSION = YES;
				CLANG_WARN_DEPRECATED_OBJC_IMPLEMENTATIONS = YES;
				CLANG_WARN_DIRECT_OBJC_ISA_USAGE = YES_ERROR;
				CLANG_WARN_DOCUMENTATION_COMMENTS = YES;
				CLANG_WARN_EMPTY_BODY = YES;
				CLANG_WARN_ENUM_CONVERSION = YES;
				CLANG_WARN_INFINITE_RECURSION = YES;
				CLANG_WARN_INT_CONVERSION = YES;
				CLANG_WARN_NON_LITERAL_NULL_CONVERSION = YES;
				CLANG_WARN_OBJC_IMPLICIT_RETAIN_SELF = YES;
				CLANG_WARN_OBJC_LITERAL_CONVERSION = YES;
				CLANG_WARN_OBJC_ROOT_CLASS = YES_ERROR;
				CLANG_WARN_QUOTED_INCLUDE_IN_FRAMEWORK_HEADER = YES;
				CLANG_WARN_RANGE_LOOP_ANALYSIS = YES;
				CLANG_WARN_STRICT_PROTOTYPES = YES;
				CLANG_WARN_SUSPICIOUS_MOVE = YES;
				CLANG_WARN_UNGUARDED_AVAILABILITY = YES_AGGRESSIVE;
				CLANG_WARN_UNREACHABLE_CODE = YES;
				CLANG_WARN__DUPLICATE_METHOD_MATCH = YES;
				COPY_PHASE_STRIP = NO;
				DEBUG_INFORMATION_FORMAT = "dwarf-with-dsym";
				ENABLE_NS_ASSERTIONS = NO;
				ENABLE_STRICT_OBJC_MSGSEND = YES;
				GCC_C_LANGUAGE_STANDARD = gnu11;
				GCC_NO_COMMON_BLOCKS = YES;
				GCC_WARN_64_TO_32_BIT_CONVERSION = YES;
				GCC_WARN_ABOUT_RETURN_TYPE = YES_ERROR;
				GCC_WARN_UNDECLARED_SELECTOR = YES;
				GCC_WARN_UNINITIALIZED_AUTOS = YES_AGGRESSIVE;
				GCC_WARN_UNUSED_FUNCTION = YES;
				GCC_WARN_UNUSED_VARIABLE = YES;
				IPHONEOS_DEPLOYMENT_TARGET = 15.0;
				MACOSX_DEPLOYMENT_TARGET = 12.0;
				MTL_ENABLE_DEBUG_INFO = NO;
				MTL_FAST_MATH = YES;
				SDKROOT = iphoneos;
				SWIFT_COMPILATION_MODE = wholemodule;
				SWIFT_OPTIMIZATION_LEVEL = "-O";
				VALIDATE_PRODUCT = YES;
			};
			name = Release;
		};
		170AA448268C459E004F57B4 /* Debug */ = {
			isa = XCBuildConfiguration;
			buildSettings = {
				ALWAYS_EMBED_SWIFT_STANDARD_LIBRARIES = YES;
				ASSETCATALOG_COMPILER_APPICON_NAME = AppIcon;
				ASSETCATALOG_COMPILER_GLOBAL_ACCENT_COLOR_NAME = AccentColor;
				CODE_SIGN_ENTITLEMENTS = UltimatePortfolio/Configuration/UltimatePortfolio.entitlements;
				CODE_SIGN_STYLE = Automatic;
				CURRENT_PROJECT_VERSION = 1;
				DEVELOPMENT_ASSET_PATHS = "\"UltimatePortfolio/Preview Content\"";
				DEVELOPMENT_TEAM = P8CC95REUG;
				ENABLE_PREVIEWS = YES;
				GENERATE_INFOPLIST_FILE = YES;
				INFOPLIST_FILE = UltimatePortfolio/Configuration/Info.plist;
				INFOPLIST_KEY_CFBundleExecutable = UltimatePortfolio;
				INFOPLIST_KEY_CFBundleName = UltimatePortfolio;
				INFOPLIST_KEY_CFBundleVersion = 1;
				INFOPLIST_KEY_UIApplicationSceneManifest_Generation = YES;
				INFOPLIST_KEY_UIApplicationSupportsIndirectInputEvents = YES;
				INFOPLIST_KEY_UILaunchScreen_Generation = YES;
				INFOPLIST_KEY_UISupportedInterfaceOrientations_iPad = "UIInterfaceOrientationPortrait UIInterfaceOrientationPortraitUpsideDown UIInterfaceOrientationLandscapeLeft UIInterfaceOrientationLandscapeRight";
				INFOPLIST_KEY_UISupportedInterfaceOrientations_iPhone = "UIInterfaceOrientationPortrait UIInterfaceOrientationLandscapeLeft UIInterfaceOrientationLandscapeRight";
				LD_RUNPATH_SEARCH_PATHS = (
					"$(inherited)",
					"@executable_path/Frameworks",
				);
				MARKETING_VERSION = 1.0;
				PRODUCT_BUNDLE_IDENTIFIER = com.yourcompany.UltimatePortfolio;
				PRODUCT_NAME = "$(TARGET_NAME)";
				SWIFT_EMIT_LOC_STRINGS = YES;
				SWIFT_VERSION = 5.0;
				TARGETED_DEVICE_FAMILY = "1,2";
			};
			name = Debug;
		};
		170AA449268C459E004F57B4 /* Release */ = {
			isa = XCBuildConfiguration;
			buildSettings = {
				ALWAYS_EMBED_SWIFT_STANDARD_LIBRARIES = YES;
				ASSETCATALOG_COMPILER_APPICON_NAME = AppIcon;
				ASSETCATALOG_COMPILER_GLOBAL_ACCENT_COLOR_NAME = AccentColor;
				CODE_SIGN_ENTITLEMENTS = UltimatePortfolio/Configuration/UltimatePortfolio.entitlements;
				CODE_SIGN_STYLE = Automatic;
				CURRENT_PROJECT_VERSION = 1;
				DEVELOPMENT_ASSET_PATHS = "\"UltimatePortfolio/Preview Content\"";
				DEVELOPMENT_TEAM = P8CC95REUG;
				ENABLE_PREVIEWS = YES;
				GENERATE_INFOPLIST_FILE = YES;
				INFOPLIST_FILE = UltimatePortfolio/Configuration/Info.plist;
				INFOPLIST_KEY_CFBundleExecutable = UltimatePortfolio;
				INFOPLIST_KEY_CFBundleName = UltimatePortfolio;
				INFOPLIST_KEY_CFBundleVersion = 1;
				INFOPLIST_KEY_UIApplicationSceneManifest_Generation = YES;
				INFOPLIST_KEY_UIApplicationSupportsIndirectInputEvents = YES;
				INFOPLIST_KEY_UILaunchScreen_Generation = YES;
				INFOPLIST_KEY_UISupportedInterfaceOrientations_iPad = "UIInterfaceOrientationPortrait UIInterfaceOrientationPortraitUpsideDown UIInterfaceOrientationLandscapeLeft UIInterfaceOrientationLandscapeRight";
				INFOPLIST_KEY_UISupportedInterfaceOrientations_iPhone = "UIInterfaceOrientationPortrait UIInterfaceOrientationLandscapeLeft UIInterfaceOrientationLandscapeRight";
				LD_RUNPATH_SEARCH_PATHS = (
					"$(inherited)",
					"@executable_path/Frameworks",
				);
				MARKETING_VERSION = 1.0;
				PRODUCT_BUNDLE_IDENTIFIER = com.yourcompany.UltimatePortfolio;
				PRODUCT_NAME = "$(TARGET_NAME)";
				SWIFT_EMIT_LOC_STRINGS = YES;
				SWIFT_VERSION = 5.0;
				TARGETED_DEVICE_FAMILY = "1,2";
			};
			name = Release;
		};
		1743F5DC268DE98E007A1B53 /* Debug */ = {
			isa = XCBuildConfiguration;
			buildSettings = {
				BUNDLE_LOADER = "$(TEST_HOST)";
				CODE_SIGN_STYLE = Automatic;
				CURRENT_PROJECT_VERSION = 1;
				DEVELOPMENT_TEAM = P8CC95REUG;
				GENERATE_INFOPLIST_FILE = YES;
				LD_RUNPATH_SEARCH_PATHS = (
					"$(inherited)",
					"@executable_path/Frameworks",
					"@loader_path/Frameworks",
				);
				MARKETING_VERSION = 1.0;
				PRODUCT_BUNDLE_IDENTIFIER = com.yourcompany.UltimatePortfolioTests;
				PRODUCT_NAME = "$(TARGET_NAME)";
				SWIFT_EMIT_LOC_STRINGS = NO;
				SWIFT_VERSION = 5.0;
				TARGETED_DEVICE_FAMILY = "1,2";
				TEST_HOST = "$(BUILT_PRODUCTS_DIR)/UltimatePortfolio.app/UltimatePortfolio";
			};
			name = Debug;
		};
		1743F5DD268DE98E007A1B53 /* Release */ = {
			isa = XCBuildConfiguration;
			buildSettings = {
				BUNDLE_LOADER = "$(TEST_HOST)";
				CODE_SIGN_STYLE = Automatic;
				CURRENT_PROJECT_VERSION = 1;
				DEVELOPMENT_TEAM = P8CC95REUG;
				GENERATE_INFOPLIST_FILE = YES;
				LD_RUNPATH_SEARCH_PATHS = (
					"$(inherited)",
					"@executable_path/Frameworks",
					"@loader_path/Frameworks",
				);
				MARKETING_VERSION = 1.0;
				PRODUCT_BUNDLE_IDENTIFIER = com.yourcompany.UltimatePortfolioTests;
				PRODUCT_NAME = "$(TARGET_NAME)";
				SWIFT_EMIT_LOC_STRINGS = NO;
				SWIFT_VERSION = 5.0;
				TARGETED_DEVICE_FAMILY = "1,2";
				TEST_HOST = "$(BUILT_PRODUCTS_DIR)/UltimatePortfolio.app/UltimatePortfolio";
			};
			name = Release;
		};
		1743F5FA268E67E3007A1B53 /* Debug */ = {
			isa = XCBuildConfiguration;
			buildSettings = {
				CODE_SIGN_STYLE = Automatic;
				CURRENT_PROJECT_VERSION = 1;
				DEVELOPMENT_TEAM = P8CC95REUG;
				GENERATE_INFOPLIST_FILE = YES;
				LD_RUNPATH_SEARCH_PATHS = (
					"$(inherited)",
					"@executable_path/Frameworks",
					"@loader_path/Frameworks",
				);
				MARKETING_VERSION = 1.0;
				PRODUCT_BUNDLE_IDENTIFIER = com.yourcompany.UltimatePortfolioUITests;
				PRODUCT_NAME = "$(TARGET_NAME)";
				SWIFT_EMIT_LOC_STRINGS = NO;
				SWIFT_VERSION = 5.0;
				TARGETED_DEVICE_FAMILY = "1,2";
				TEST_TARGET_NAME = UltimatePortfolio;
			};
			name = Debug;
		};
		1743F5FB268E67E3007A1B53 /* Release */ = {
			isa = XCBuildConfiguration;
			buildSettings = {
				CODE_SIGN_STYLE = Automatic;
				CURRENT_PROJECT_VERSION = 1;
				DEVELOPMENT_TEAM = P8CC95REUG;
				GENERATE_INFOPLIST_FILE = YES;
				LD_RUNPATH_SEARCH_PATHS = (
					"$(inherited)",
					"@executable_path/Frameworks",
					"@loader_path/Frameworks",
				);
				MARKETING_VERSION = 1.0;
				PRODUCT_BUNDLE_IDENTIFIER = com.yourcompany.UltimatePortfolioUITests;
				PRODUCT_NAME = "$(TARGET_NAME)";
				SWIFT_EMIT_LOC_STRINGS = NO;
				SWIFT_VERSION = 5.0;
				TARGETED_DEVICE_FAMILY = "1,2";
				TEST_TARGET_NAME = UltimatePortfolio;
			};
			name = Release;
		};
		1743F6192691D01A007A1B53 /* Debug */ = {
			isa = XCBuildConfiguration;
			buildSettings = {
				ASSETCATALOG_COMPILER_GLOBAL_ACCENT_COLOR_NAME = AccentColor;
				ASSETCATALOG_COMPILER_WIDGET_BACKGROUND_COLOR_NAME = WidgetBackground;
				CODE_SIGN_ENTITLEMENTS = PortfolioWidget/PortfolioWidgetExtension.entitlements;
				CODE_SIGN_STYLE = Automatic;
				CURRENT_PROJECT_VERSION = 1;
				DEVELOPMENT_TEAM = P8CC95REUG;
				GENERATE_INFOPLIST_FILE = YES;
				INFOPLIST_FILE = PortfolioWidget/Info.plist;
				INFOPLIST_KEY_CFBundleDisplayName = PortfolioWidget;
				INFOPLIST_KEY_NSHumanReadableCopyright = "";
				LD_RUNPATH_SEARCH_PATHS = (
					"$(inherited)",
					"@executable_path/Frameworks",
					"@executable_path/../../Frameworks",
				);
				MARKETING_VERSION = 1.0;
				PRODUCT_BUNDLE_IDENTIFIER = com.yourcompany.UltimatePortfolio.PortfolioWidget;
				PRODUCT_NAME = "$(TARGET_NAME)";
				SKIP_INSTALL = YES;
				SWIFT_EMIT_LOC_STRINGS = YES;
				SWIFT_VERSION = 5.0;
				TARGETED_DEVICE_FAMILY = "1,2";
			};
			name = Debug;
		};
		1743F61A2691D01A007A1B53 /* Release */ = {
			isa = XCBuildConfiguration;
			buildSettings = {
				ASSETCATALOG_COMPILER_GLOBAL_ACCENT_COLOR_NAME = AccentColor;
				ASSETCATALOG_COMPILER_WIDGET_BACKGROUND_COLOR_NAME = WidgetBackground;
				CODE_SIGN_ENTITLEMENTS = PortfolioWidget/PortfolioWidgetExtension.entitlements;
				CODE_SIGN_STYLE = Automatic;
				CURRENT_PROJECT_VERSION = 1;
				DEVELOPMENT_TEAM = P8CC95REUG;
				GENERATE_INFOPLIST_FILE = YES;
				INFOPLIST_FILE = PortfolioWidget/Info.plist;
				INFOPLIST_KEY_CFBundleDisplayName = PortfolioWidget;
				INFOPLIST_KEY_NSHumanReadableCopyright = "";
				LD_RUNPATH_SEARCH_PATHS = (
					"$(inherited)",
					"@executable_path/Frameworks",
					"@executable_path/../../Frameworks",
				);
				MARKETING_VERSION = 1.0;
				PRODUCT_BUNDLE_IDENTIFIER = com.yourcompany.UltimatePortfolio.PortfolioWidget;
				PRODUCT_NAME = "$(TARGET_NAME)";
				SKIP_INSTALL = YES;
				SWIFT_EMIT_LOC_STRINGS = YES;
				SWIFT_VERSION = 5.0;
				TARGETED_DEVICE_FAMILY = "1,2";
			};
			name = Release;
		};
		17F5E45027CD55B900F6288F /* Debug */ = {
			isa = XCBuildConfiguration;
			buildSettings = {
				ASSETCATALOG_COMPILER_APPICON_NAME = AppIcon;
				ASSETCATALOG_COMPILER_GLOBAL_ACCENT_COLOR_NAME = AccentColor;
				CLANG_CXX_LANGUAGE_STANDARD = "gnu++17";
				CODE_SIGN_ENTITLEMENTS = UltimatePortfolioMac/UltimatePortfolioMac.entitlements;
				CODE_SIGN_STYLE = Automatic;
				COMBINE_HIDPI_IMAGES = YES;
				CURRENT_PROJECT_VERSION = 1;
				DEVELOPMENT_TEAM = P8CC95REUG;
				ENABLE_HARDENED_RUNTIME = YES;
				ENABLE_PREVIEWS = YES;
				GENERATE_INFOPLIST_FILE = YES;
				INFOPLIST_KEY_NSHumanReadableCopyright = "";
				LD_RUNPATH_SEARCH_PATHS = (
					"$(inherited)",
					"@executable_path/../Frameworks",
				);
				MARKETING_VERSION = 1.0;
				PRODUCT_BUNDLE_IDENTIFIER = com.yourcompany.UltimatePortfolioMac;
				PRODUCT_NAME = "$(TARGET_NAME)";
				SDKROOT = macosx;
				SWIFT_EMIT_LOC_STRINGS = YES;
				SWIFT_VERSION = 5.0;
			};
			name = Debug;
		};
		17F5E45127CD55B900F6288F /* Release */ = {
			isa = XCBuildConfiguration;
			buildSettings = {
				ASSETCATALOG_COMPILER_APPICON_NAME = AppIcon;
				ASSETCATALOG_COMPILER_GLOBAL_ACCENT_COLOR_NAME = AccentColor;
				CLANG_CXX_LANGUAGE_STANDARD = "gnu++17";
				CODE_SIGN_ENTITLEMENTS = UltimatePortfolioMac/UltimatePortfolioMac.entitlements;
				CODE_SIGN_STYLE = Automatic;
				COMBINE_HIDPI_IMAGES = YES;
				CURRENT_PROJECT_VERSION = 1;
				DEVELOPMENT_TEAM = P8CC95REUG;
				ENABLE_HARDENED_RUNTIME = YES;
				ENABLE_PREVIEWS = YES;
				GENERATE_INFOPLIST_FILE = YES;
				INFOPLIST_KEY_NSHumanReadableCopyright = "";
				LD_RUNPATH_SEARCH_PATHS = (
					"$(inherited)",
					"@executable_path/../Frameworks",
				);
				MARKETING_VERSION = 1.0;
				PRODUCT_BUNDLE_IDENTIFIER = com.yourcompany.UltimatePortfolioMac;
				PRODUCT_NAME = "$(TARGET_NAME)";
				SDKROOT = macosx;
				SWIFT_EMIT_LOC_STRINGS = YES;
				SWIFT_VERSION = 5.0;
			};
			name = Release;
		};
/* End XCBuildConfiguration section */

/* Begin XCConfigurationList section */
		170AA434268C459D004F57B4 /* Build configuration list for PBXProject "UltimatePortfolio" */ = {
			isa = XCConfigurationList;
			buildConfigurations = (
				170AA445268C459E004F57B4 /* Debug */,
				170AA446268C459E004F57B4 /* Release */,
			);
			defaultConfigurationIsVisible = 0;
			defaultConfigurationName = Release;
		};
		170AA447268C459E004F57B4 /* Build configuration list for PBXNativeTarget "UltimatePortfolio" */ = {
			isa = XCConfigurationList;
			buildConfigurations = (
				170AA448268C459E004F57B4 /* Debug */,
				170AA449268C459E004F57B4 /* Release */,
			);
			defaultConfigurationIsVisible = 0;
			defaultConfigurationName = Release;
		};
		1743F5DB268DE98E007A1B53 /* Build configuration list for PBXNativeTarget "UltimatePortfolioTests" */ = {
			isa = XCConfigurationList;
			buildConfigurations = (
				1743F5DC268DE98E007A1B53 /* Debug */,
				1743F5DD268DE98E007A1B53 /* Release */,
			);
			defaultConfigurationIsVisible = 0;
			defaultConfigurationName = Release;
		};
		1743F5F9268E67E3007A1B53 /* Build configuration list for PBXNativeTarget "UltimatePortfolioUITests" */ = {
			isa = XCConfigurationList;
			buildConfigurations = (
				1743F5FA268E67E3007A1B53 /* Debug */,
				1743F5FB268E67E3007A1B53 /* Release */,
			);
			defaultConfigurationIsVisible = 0;
			defaultConfigurationName = Release;
		};
		1743F6182691D01A007A1B53 /* Build configuration list for PBXNativeTarget "PortfolioWidgetExtension" */ = {
			isa = XCConfigurationList;
			buildConfigurations = (
				1743F6192691D01A007A1B53 /* Debug */,
				1743F61A2691D01A007A1B53 /* Release */,
			);
			defaultConfigurationIsVisible = 0;
			defaultConfigurationName = Release;
		};
		17F5E45227CD55B900F6288F /* Build configuration list for PBXNativeTarget "UltimatePortfolioMac" */ = {
			isa = XCConfigurationList;
			buildConfigurations = (
				17F5E45027CD55B900F6288F /* Debug */,
				17F5E45127CD55B900F6288F /* Release */,
			);
			defaultConfigurationIsVisible = 0;
			defaultConfigurationName = Release;
		};
/* End XCConfigurationList section */

/* Begin XCVersionGroup section */
		170AA44A268C483B004F57B4 /* Main.xcdatamodeld */ = {
			isa = XCVersionGroup;
			children = (
				170AA44B268C483B004F57B4 /* Main.xcdatamodel */,
			);
			currentVersion = 170AA44B268C483B004F57B4 /* Main.xcdatamodel */;
			path = Main.xcdatamodeld;
			sourceTree = "<group>";
			versionGroupType = wrapper.xcdatamodel;
		};
/* End XCVersionGroup section */
	};
	rootObject = 170AA431268C459D004F57B4 /* Project object */;
}
